// !$*UTF8*$!
{
	archiveVersion = 1;
	classes = {
	};
	objectVersion = 46;
	objects = {

/* Begin PBXBuildFile section */
		4C23D20C15FE3A5600A1AC55 /* opencv2fast.framework in Frameworks */ = {isa = PBXBuildFile; fileRef = 4C23D20B15FE3A5600A1AC55 /* opencv2fast.framework */; };
		4C23D20D15FE3C1100A1AC55 /* opencv2fast.framework in Frameworks */ = {isa = PBXBuildFile; fileRef = 4C23D20B15FE3A5600A1AC55 /* opencv2fast.framework */; };
		4C4E0D1315DE33C0002BE9A4 /* UIKit.framework in Frameworks */ = {isa = PBXBuildFile; fileRef = 4C4E0CF015DE3378002BE9A4 /* UIKit.framework */; };
		4C4E0D1415DE33C0002BE9A4 /* Foundation.framework in Frameworks */ = {isa = PBXBuildFile; fileRef = 4C4E0CF215DE3378002BE9A4 /* Foundation.framework */; };
		4C4E0D1515DE33C0002BE9A4 /* CoreGraphics.framework in Frameworks */ = {isa = PBXBuildFile; fileRef = 4C4E0CF415DE3378002BE9A4 /* CoreGraphics.framework */; };
		4C4E0D1B15DE33C0002BE9A4 /* InfoPlist.strings in Resources */ = {isa = PBXBuildFile; fileRef = 4C4E0D1915DE33C0002BE9A4 /* InfoPlist.strings */; };
		4C4E0D1D15DE33C0002BE9A4 /* main.m in Sources */ = {isa = PBXBuildFile; fileRef = 4C4E0D1C15DE33C0002BE9A4 /* main.m */; };
		4C4E0D2115DE33C0002BE9A4 /* AppDelegate.m in Sources */ = {isa = PBXBuildFile; fileRef = 4C4E0D2015DE33C0002BE9A4 /* AppDelegate.m */; };
		4C4E0D2715DE33C0002BE9A4 /* MainViewController.xib in Resources */ = {isa = PBXBuildFile; fileRef = 4C4E0D2515DE33C0002BE9A4 /* MainViewController.xib */; };
		4C4E0D3115DE344C002BE9A4 /* UIKit.framework in Frameworks */ = {isa = PBXBuildFile; fileRef = 4C4E0CF015DE3378002BE9A4 /* UIKit.framework */; };
		4C4E0D3215DE344C002BE9A4 /* Foundation.framework in Frameworks */ = {isa = PBXBuildFile; fileRef = 4C4E0CF215DE3378002BE9A4 /* Foundation.framework */; };
		4C4E0D3315DE344C002BE9A4 /* CoreGraphics.framework in Frameworks */ = {isa = PBXBuildFile; fileRef = 4C4E0CF415DE3378002BE9A4 /* CoreGraphics.framework */; };
		4C4E0D3915DE344C002BE9A4 /* InfoPlist.strings in Resources */ = {isa = PBXBuildFile; fileRef = 4C4E0D3715DE344C002BE9A4 /* InfoPlist.strings */; };
		4C4E0D3B15DE344C002BE9A4 /* main.m in Sources */ = {isa = PBXBuildFile; fileRef = 4C4E0D3A15DE344C002BE9A4 /* main.m */; };
		4C4E0D3F15DE344C002BE9A4 /* AppDelegate.m in Sources */ = {isa = PBXBuildFile; fileRef = 4C4E0D3E15DE344C002BE9A4 /* AppDelegate.m */; };
		4C4E0D4515DE344C002BE9A4 /* MainViewController.xib in Resources */ = {isa = PBXBuildFile; fileRef = 4C4E0D4315DE344C002BE9A4 /* MainViewController.xib */; };
		4C4E0DE615DE4076002BE9A4 /* libCKObjectTrackerPhone.a in Frameworks */ = {isa = PBXBuildFile; fileRef = 4C4E0DE415DE4034002BE9A4 /* libCKObjectTrackerPhone.a */; };
		4C4E0DE715DE4077002BE9A4 /* libCKObjectTrackerPhone.a in Frameworks */ = {isa = PBXBuildFile; fileRef = 4C4E0DE415DE4034002BE9A4 /* libCKObjectTrackerPhone.a */; };
		4C7F441115FB52FC00869927 /* UIImage+Transform.m in Sources */ = {isa = PBXBuildFile; fileRef = 4C7F441015FB52FC00869927 /* UIImage+Transform.m */; };
		4C7F441215FB52FC00869927 /* UIImage+Transform.m in Sources */ = {isa = PBXBuildFile; fileRef = 4C7F441015FB52FC00869927 /* UIImage+Transform.m */; };
		4C7F441615FB834100869927 /* StartViewController.m in Sources */ = {isa = PBXBuildFile; fileRef = 4C7F441515FB834100869927 /* StartViewController.m */; };
		4C7F441915FB834B00869927 /* StartViewController.xib in Resources */ = {isa = PBXBuildFile; fileRef = 4C7F441715FB834B00869927 /* StartViewController.xib */; };
		4C8620BB15FBE66E00C72DE7 /* SettingsViewController.m in Sources */ = {isa = PBXBuildFile; fileRef = 4C8620B915FBE66E00C72DE7 /* SettingsViewController.m */; };
		4C8620BC15FBE66E00C72DE7 /* SettingsViewController.m in Sources */ = {isa = PBXBuildFile; fileRef = 4C8620B915FBE66E00C72DE7 /* SettingsViewController.m */; };
		4C8620BD15FBE66E00C72DE7 /* SettingsViewController.xib in Resources */ = {isa = PBXBuildFile; fileRef = 4C8620BA15FBE66E00C72DE7 /* SettingsViewController.xib */; };
		4C8620BE15FBE66E00C72DE7 /* SettingsViewController.xib in Resources */ = {isa = PBXBuildFile; fileRef = 4C8620BA15FBE66E00C72DE7 /* SettingsViewController.xib */; };
		4C8620C115FBEC2400C72DE7 /* ObjectTrackerParameter.m in Sources */ = {isa = PBXBuildFile; fileRef = 4C8620C015FBEC2400C72DE7 /* ObjectTrackerParameter.m */; };
		4C8620C215FBEC2400C72DE7 /* ObjectTrackerParameter.m in Sources */ = {isa = PBXBuildFile; fileRef = 4C8620C015FBEC2400C72DE7 /* ObjectTrackerParameter.m */; };
		4C8620C915FC011C00C72DE7 /* ParameterSliderCell.m in Sources */ = {isa = PBXBuildFile; fileRef = 4C8620C815FC011C00C72DE7 /* ParameterSliderCell.m */; };
		4C8620CA15FC011C00C72DE7 /* ParameterSliderCell.m in Sources */ = {isa = PBXBuildFile; fileRef = 4C8620C815FC011C00C72DE7 /* ParameterSliderCell.m */; };
		4C8620CD15FC013200C72DE7 /* ParameterSwitchCell.m in Sources */ = {isa = PBXBuildFile; fileRef = 4C8620CC15FC013200C72DE7 /* ParameterSwitchCell.m */; };
		4C8620CE15FC013200C72DE7 /* ParameterSwitchCell.m in Sources */ = {isa = PBXBuildFile; fileRef = 4C8620CC15FC013200C72DE7 /* ParameterSwitchCell.m */; };
		4C8620D115FC014C00C72DE7 /* ParameterSegmentCell.m in Sources */ = {isa = PBXBuildFile; fileRef = 4C8620D015FC014C00C72DE7 /* ParameterSegmentCell.m */; };
		4C8620D215FC014C00C72DE7 /* ParameterSegmentCell.m in Sources */ = {isa = PBXBuildFile; fileRef = 4C8620D015FC014C00C72DE7 /* ParameterSegmentCell.m */; };
		4C8620D415FC016400C72DE7 /* ParameterSegmentCell.xib in Resources */ = {isa = PBXBuildFile; fileRef = 4C8620D315FC016400C72DE7 /* ParameterSegmentCell.xib */; };
		4C8620D515FC016400C72DE7 /* ParameterSegmentCell.xib in Resources */ = {isa = PBXBuildFile; fileRef = 4C8620D315FC016400C72DE7 /* ParameterSegmentCell.xib */; };
		4C8620D715FC017600C72DE7 /* ParameterSliderCell.xib in Resources */ = {isa = PBXBuildFile; fileRef = 4C8620D615FC017600C72DE7 /* ParameterSliderCell.xib */; };
		4C8620D815FC017600C72DE7 /* ParameterSliderCell.xib in Resources */ = {isa = PBXBuildFile; fileRef = 4C8620D615FC017600C72DE7 /* ParameterSliderCell.xib */; };
		4C8620DA15FC018A00C72DE7 /* ParameterSwitchCell.xib in Resources */ = {isa = PBXBuildFile; fileRef = 4C8620D915FC018A00C72DE7 /* ParameterSwitchCell.xib */; };
		4C8620DB15FC018A00C72DE7 /* ParameterSwitchCell.xib in Resources */ = {isa = PBXBuildFile; fileRef = 4C8620D915FC018A00C72DE7 /* ParameterSwitchCell.xib */; };
		4C8620DE15FC181000C72DE7 /* ParameterCell.m in Sources */ = {isa = PBXBuildFile; fileRef = 4C8620DD15FC181000C72DE7 /* ParameterCell.m */; };
		4C8620DF15FC181000C72DE7 /* ParameterCell.m in Sources */ = {isa = PBXBuildFile; fileRef = 4C8620DD15FC181000C72DE7 /* ParameterCell.m */; };
		4C8620E715FC2CB400C72DE7 /* UIView+EasyFrame.m in Sources */ = {isa = PBXBuildFile; fileRef = 4C8620E615FC2CB400C72DE7 /* UIView+EasyFrame.m */; };
		4C8620E815FC2CB400C72DE7 /* UIView+EasyFrame.m in Sources */ = {isa = PBXBuildFile; fileRef = 4C8620E615FC2CB400C72DE7 /* UIView+EasyFrame.m */; };
		4C962F0115F96A3500C804E5 /* testdata in Resources */ = {isa = PBXBuildFile; fileRef = 4C962F0015F96A3500C804E5 /* testdata */; };
		4CCC7D0715FCF980007DFC92 /* UIImage+PixelBuffer.m in Sources */ = {isa = PBXBuildFile; fileRef = 4CCC7D0615FCF97F007DFC92 /* UIImage+PixelBuffer.m */; };
		4CCC7D0815FCF980007DFC92 /* UIImage+PixelBuffer.m in Sources */ = {isa = PBXBuildFile; fileRef = 4CCC7D0615FCF97F007DFC92 /* UIImage+PixelBuffer.m */; };
		4CD86B8015FAA88400B1767C /* ResourceViewController.xib in Resources */ = {isa = PBXBuildFile; fileRef = 4CD86B7E15FAA88400B1767C /* ResourceViewController.xib */; };
		4CE1863015F9E071004C3372 /* MainViewController.m in Sources */ = {isa = PBXBuildFile; fileRef = 4CE1862A15F9E071004C3372 /* MainViewController.m */; };
		4CE1863115F9E071004C3372 /* ResourceViewController.m in Sources */ = {isa = PBXBuildFile; fileRef = 4CE1862C15F9E071004C3372 /* ResourceViewController.m */; };
		4CE1863215F9E071004C3372 /* VideoReader.m in Sources */ = {isa = PBXBuildFile; fileRef = 4CE1862F15F9E071004C3372 /* VideoReader.m */; };
		4CE1863915F9E0CD004C3372 /* MainViewController.m in Sources */ = {isa = PBXBuildFile; fileRef = 4CE1863515F9E0CD004C3372 /* MainViewController.m */; };
		4CE1863A15F9E0CD004C3372 /* CaptureManager.m in Sources */ = {isa = PBXBuildFile; fileRef = 4CE1863815F9E0CD004C3372 /* CaptureManager.m */; };
		4CE1863E15F9E147004C3372 /* CVImageConverter.mm in Sources */ = {isa = PBXBuildFile; fileRef = 4CE1863D15F9E147004C3372 /* CVImageConverter.mm */; };
		4CE1863F15F9E147004C3372 /* CVImageConverter.mm in Sources */ = {isa = PBXBuildFile; fileRef = 4CE1863D15F9E147004C3372 /* CVImageConverter.mm */; };
		4CE1864615F9E2EF004C3372 /* FPSCalcApple.m in Sources */ = {isa = PBXBuildFile; fileRef = 4CE1864115F9E2EF004C3372 /* FPSCalcApple.m */; };
		4CE1864715F9E2EF004C3372 /* FPSCalcApple.m in Sources */ = {isa = PBXBuildFile; fileRef = 4CE1864115F9E2EF004C3372 /* FPSCalcApple.m */; };
		4CE1864815F9E2EF004C3372 /* FPSCalcSummerhill.m in Sources */ = {isa = PBXBuildFile; fileRef = 4CE1864315F9E2EF004C3372 /* FPSCalcSummerhill.m */; };
		4CE1864915F9E2EF004C3372 /* FPSCalcSummerhill.m in Sources */ = {isa = PBXBuildFile; fileRef = 4CE1864315F9E2EF004C3372 /* FPSCalcSummerhill.m */; };
		4CE1864A15F9E2EF004C3372 /* FPSCalculator.m in Sources */ = {isa = PBXBuildFile; fileRef = 4CE1864515F9E2EF004C3372 /* FPSCalculator.m */; };
		4CE1864B15F9E2EF004C3372 /* FPSCalculator.m in Sources */ = {isa = PBXBuildFile; fileRef = 4CE1864515F9E2EF004C3372 /* FPSCalculator.m */; };
		4CE1864D15F9E5B1004C3372 /* CoreMedia.framework in Frameworks */ = {isa = PBXBuildFile; fileRef = 4CE1864C15F9E5B1004C3372 /* CoreMedia.framework */; };
		4CE1864F15F9E5B8004C3372 /* AVFoundation.framework in Frameworks */ = {isa = PBXBuildFile; fileRef = 4CE1864E15F9E5B8004C3372 /* AVFoundation.framework */; };
		4CE1865115F9E5D2004C3372 /* QuartzCore.framework in Frameworks */ = {isa = PBXBuildFile; fileRef = 4CE1865015F9E5D2004C3372 /* QuartzCore.framework */; };
		4CE1865315F9E5E5004C3372 /* CoreVideo.framework in Frameworks */ = {isa = PBXBuildFile; fileRef = 4CE1865215F9E5E5004C3372 /* CoreVideo.framework */; };
		4CE1865415F9E71A004C3372 /* AVFoundation.framework in Frameworks */ = {isa = PBXBuildFile; fileRef = 4CE1864E15F9E5B8004C3372 /* AVFoundation.framework */; };
		4CE1865515F9E71D004C3372 /* CoreMedia.framework in Frameworks */ = {isa = PBXBuildFile; fileRef = 4CE1864C15F9E5B1004C3372 /* CoreMedia.framework */; };
		4CE1865615F9E727004C3372 /* CoreVideo.framework in Frameworks */ = {isa = PBXBuildFile; fileRef = 4CE1865215F9E5E5004C3372 /* CoreVideo.framework */; };
		4CE1865715F9E73D004C3372 /* QuartzCore.framework in Frameworks */ = {isa = PBXBuildFile; fileRef = 4CE1865015F9E5D2004C3372 /* QuartzCore.framework */; };
		4CE1865B15F9EA90004C3372 /* ObjectTrackerLibrary.mm in Sources */ = {isa = PBXBuildFile; fileRef = 4CE1865A15F9EA90004C3372 /* ObjectTrackerLibrary.mm */; };
		4CE1865C15F9EA90004C3372 /* ObjectTrackerLibrary.mm in Sources */ = {isa = PBXBuildFile; fileRef = 4CE1865A15F9EA90004C3372 /* ObjectTrackerLibrary.mm */; };
		4CE1865F15FA3EA1004C3372 /* CVImageConverter+PixelBuffer.mm in Sources */ = {isa = PBXBuildFile; fileRef = 4CE1865E15FA3EA1004C3372 /* CVImageConverter+PixelBuffer.mm */; };
		4CE1866015FA3EA1004C3372 /* CVImageConverter+PixelBuffer.mm in Sources */ = {isa = PBXBuildFile; fileRef = 4CE1865E15FA3EA1004C3372 /* CVImageConverter+PixelBuffer.mm */; };
/* End PBXBuildFile section */

/* Begin PBXFileReference section */
		4C23D20B15FE3A5600A1AC55 /* opencv2fast.framework */ = {isa = PBXFileReference; lastKnownFileType = wrapper.framework; name = opencv2fast.framework; path = ../opencv2fast.framework; sourceTree = "<group>"; };
		4C4E0CF015DE3378002BE9A4 /* UIKit.framework */ = {isa = PBXFileReference; lastKnownFileType = wrapper.framework; name = UIKit.framework; path = System/Library/Frameworks/UIKit.framework; sourceTree = SDKROOT; };
		4C4E0CF215DE3378002BE9A4 /* Foundation.framework */ = {isa = PBXFileReference; lastKnownFileType = wrapper.framework; name = Foundation.framework; path = System/Library/Frameworks/Foundation.framework; sourceTree = SDKROOT; };
		4C4E0CF415DE3378002BE9A4 /* CoreGraphics.framework */ = {isa = PBXFileReference; lastKnownFileType = wrapper.framework; name = CoreGraphics.framework; path = System/Library/Frameworks/CoreGraphics.framework; sourceTree = SDKROOT; };
		4C4E0D1115DE33C0002BE9A4 /* CKObjectTrackerDemo.app */ = {isa = PBXFileReference; explicitFileType = wrapper.application; includeInIndex = 0; path = CKObjectTrackerDemo.app; sourceTree = BUILT_PRODUCTS_DIR; };
		4C4E0D1815DE33C0002BE9A4 /* CKObjectTrackerDemo-Info.plist */ = {isa = PBXFileReference; lastKnownFileType = text.plist.xml; path = "CKObjectTrackerDemo-Info.plist"; sourceTree = "<group>"; };
		4C4E0D1A15DE33C0002BE9A4 /* en */ = {isa = PBXFileReference; lastKnownFileType = text.plist.strings; name = en; path = en.lproj/InfoPlist.strings; sourceTree = "<group>"; };
		4C4E0D1C15DE33C0002BE9A4 /* main.m */ = {isa = PBXFileReference; lastKnownFileType = sourcecode.c.objc; path = main.m; sourceTree = "<group>"; };
		4C4E0D1E15DE33C0002BE9A4 /* CKObjectTrackerDemo-Prefix.pch */ = {isa = PBXFileReference; lastKnownFileType = sourcecode.c.h; path = "CKObjectTrackerDemo-Prefix.pch"; sourceTree = "<group>"; };
		4C4E0D1F15DE33C0002BE9A4 /* AppDelegate.h */ = {isa = PBXFileReference; lastKnownFileType = sourcecode.c.h; path = AppDelegate.h; sourceTree = "<group>"; };
		4C4E0D2015DE33C0002BE9A4 /* AppDelegate.m */ = {isa = PBXFileReference; lastKnownFileType = sourcecode.c.objc; path = AppDelegate.m; sourceTree = "<group>"; };
		4C4E0D2615DE33C0002BE9A4 /* en */ = {isa = PBXFileReference; lastKnownFileType = file.xib; name = en; path = en.lproj/MainViewController.xib; sourceTree = "<group>"; };
		4C4E0D2F15DE344C002BE9A4 /* CKObjectTrackerTest.app */ = {isa = PBXFileReference; explicitFileType = wrapper.application; includeInIndex = 0; path = CKObjectTrackerTest.app; sourceTree = BUILT_PRODUCTS_DIR; };
		4C4E0D3615DE344C002BE9A4 /* CKObjectTrackerTest-Info.plist */ = {isa = PBXFileReference; lastKnownFileType = text.plist.xml; path = "CKObjectTrackerTest-Info.plist"; sourceTree = "<group>"; };
		4C4E0D3815DE344C002BE9A4 /* en */ = {isa = PBXFileReference; lastKnownFileType = text.plist.strings; name = en; path = en.lproj/InfoPlist.strings; sourceTree = "<group>"; };
		4C4E0D3A15DE344C002BE9A4 /* main.m */ = {isa = PBXFileReference; lastKnownFileType = sourcecode.c.objc; path = main.m; sourceTree = "<group>"; };
		4C4E0D3C15DE344C002BE9A4 /* CKObjectTrackerTest-Prefix.pch */ = {isa = PBXFileReference; lastKnownFileType = sourcecode.c.h; path = "CKObjectTrackerTest-Prefix.pch"; sourceTree = "<group>"; };
		4C4E0D3D15DE344C002BE9A4 /* AppDelegate.h */ = {isa = PBXFileReference; lastKnownFileType = sourcecode.c.h; path = AppDelegate.h; sourceTree = "<group>"; };
		4C4E0D3E15DE344C002BE9A4 /* AppDelegate.m */ = {isa = PBXFileReference; lastKnownFileType = sourcecode.c.objc; path = AppDelegate.m; sourceTree = "<group>"; };
		4C4E0D4415DE344C002BE9A4 /* en */ = {isa = PBXFileReference; lastKnownFileType = file.xib; name = en; path = en.lproj/MainViewController.xib; sourceTree = "<group>"; };
		4C4E0DE415DE4034002BE9A4 /* libCKObjectTrackerPhone.a */ = {isa = PBXFileReference; lastKnownFileType = archive.ar; path = libCKObjectTrackerPhone.a; sourceTree = BUILT_PRODUCTS_DIR; };
		4C4E0DE815DE4221002BE9A4 /* opencv2.framework */ = {isa = PBXFileReference; lastKnownFileType = wrapper.framework; name = opencv2.framework; path = ../opencv2.framework; sourceTree = "<group>"; };
		4C7F440F15FB52FC00869927 /* UIImage+Transform.h */ = {isa = PBXFileReference; fileEncoding = 4; lastKnownFileType = sourcecode.c.h; path = "UIImage+Transform.h"; sourceTree = "<group>"; };
		4C7F441015FB52FC00869927 /* UIImage+Transform.m */ = {isa = PBXFileReference; fileEncoding = 4; lastKnownFileType = sourcecode.c.objc; path = "UIImage+Transform.m"; sourceTree = "<group>"; };
		4C7F441415FB834100869927 /* StartViewController.h */ = {isa = PBXFileReference; fileEncoding = 4; lastKnownFileType = sourcecode.c.h; path = StartViewController.h; sourceTree = "<group>"; };
		4C7F441515FB834100869927 /* StartViewController.m */ = {isa = PBXFileReference; fileEncoding = 4; lastKnownFileType = sourcecode.c.objc; path = StartViewController.m; sourceTree = "<group>"; };
		4C7F441815FB834B00869927 /* en */ = {isa = PBXFileReference; lastKnownFileType = file.xib; name = en; path = CKObjectTrackerDemo/en.lproj/StartViewController.xib; sourceTree = SOURCE_ROOT; };
		4C84AF6D15FB866600581974 /* Definitions.h */ = {isa = PBXFileReference; fileEncoding = 4; lastKnownFileType = sourcecode.c.h; path = Definitions.h; sourceTree = "<group>"; };
		4C8620B815FBE66E00C72DE7 /* SettingsViewController.h */ = {isa = PBXFileReference; fileEncoding = 4; lastKnownFileType = sourcecode.c.h; path = SettingsViewController.h; sourceTree = "<group>"; };
		4C8620B915FBE66E00C72DE7 /* SettingsViewController.m */ = {isa = PBXFileReference; fileEncoding = 4; lastKnownFileType = sourcecode.c.objc; path = SettingsViewController.m; sourceTree = "<group>"; };
		4C8620BA15FBE66E00C72DE7 /* SettingsViewController.xib */ = {isa = PBXFileReference; fileEncoding = 4; lastKnownFileType = file.xib; path = SettingsViewController.xib; sourceTree = "<group>"; };
		4C8620BF15FBEC2400C72DE7 /* ObjectTrackerParameter.h */ = {isa = PBXFileReference; fileEncoding = 4; lastKnownFileType = sourcecode.c.h; path = ObjectTrackerParameter.h; sourceTree = "<group>"; };
		4C8620C015FBEC2400C72DE7 /* ObjectTrackerParameter.m */ = {isa = PBXFileReference; fileEncoding = 4; lastKnownFileType = sourcecode.c.objc; path = ObjectTrackerParameter.m; sourceTree = "<group>"; };
		4C8620C715FC011C00C72DE7 /* ParameterSliderCell.h */ = {isa = PBXFileReference; fileEncoding = 4; lastKnownFileType = sourcecode.c.h; path = ParameterSliderCell.h; sourceTree = "<group>"; };
		4C8620C815FC011C00C72DE7 /* ParameterSliderCell.m */ = {isa = PBXFileReference; fileEncoding = 4; lastKnownFileType = sourcecode.c.objc; path = ParameterSliderCell.m; sourceTree = "<group>"; };
		4C8620CB15FC013200C72DE7 /* ParameterSwitchCell.h */ = {isa = PBXFileReference; fileEncoding = 4; lastKnownFileType = sourcecode.c.h; path = ParameterSwitchCell.h; sourceTree = "<group>"; };
		4C8620CC15FC013200C72DE7 /* ParameterSwitchCell.m */ = {isa = PBXFileReference; fileEncoding = 4; lastKnownFileType = sourcecode.c.objc; path = ParameterSwitchCell.m; sourceTree = "<group>"; };
		4C8620CF15FC014C00C72DE7 /* ParameterSegmentCell.h */ = {isa = PBXFileReference; fileEncoding = 4; lastKnownFileType = sourcecode.c.h; path = ParameterSegmentCell.h; sourceTree = "<group>"; };
		4C8620D015FC014C00C72DE7 /* ParameterSegmentCell.m */ = {isa = PBXFileReference; fileEncoding = 4; lastKnownFileType = sourcecode.c.objc; path = ParameterSegmentCell.m; sourceTree = "<group>"; };
		4C8620D315FC016400C72DE7 /* ParameterSegmentCell.xib */ = {isa = PBXFileReference; fileEncoding = 4; lastKnownFileType = file.xib; path = ParameterSegmentCell.xib; sourceTree = "<group>"; };
		4C8620D615FC017600C72DE7 /* ParameterSliderCell.xib */ = {isa = PBXFileReference; fileEncoding = 4; lastKnownFileType = file.xib; path = ParameterSliderCell.xib; sourceTree = "<group>"; };
		4C8620D915FC018A00C72DE7 /* ParameterSwitchCell.xib */ = {isa = PBXFileReference; fileEncoding = 4; lastKnownFileType = file.xib; path = ParameterSwitchCell.xib; sourceTree = "<group>"; };
		4C8620DC15FC180F00C72DE7 /* ParameterCell.h */ = {isa = PBXFileReference; fileEncoding = 4; lastKnownFileType = sourcecode.c.h; path = ParameterCell.h; sourceTree = "<group>"; };
		4C8620DD15FC181000C72DE7 /* ParameterCell.m */ = {isa = PBXFileReference; fileEncoding = 4; lastKnownFileType = sourcecode.c.objc; path = ParameterCell.m; sourceTree = "<group>"; };
		4C8620E515FC2CB400C72DE7 /* UIView+EasyFrame.h */ = {isa = PBXFileReference; fileEncoding = 4; lastKnownFileType = sourcecode.c.h; path = "UIView+EasyFrame.h"; sourceTree = "<group>"; };
		4C8620E615FC2CB400C72DE7 /* UIView+EasyFrame.m */ = {isa = PBXFileReference; fileEncoding = 4; lastKnownFileType = sourcecode.c.objc; path = "UIView+EasyFrame.m"; sourceTree = "<group>"; };
		4C962F0015F96A3500C804E5 /* testdata */ = {isa = PBXFileReference; lastKnownFileType = folder; name = testdata; path = ../../../testdata; sourceTree = "<group>"; };
		4CCC7D0515FCF97F007DFC92 /* UIImage+PixelBuffer.h */ = {isa = PBXFileReference; fileEncoding = 4; lastKnownFileType = sourcecode.c.h; path = "UIImage+PixelBuffer.h"; sourceTree = "<group>"; };
		4CCC7D0615FCF97F007DFC92 /* UIImage+PixelBuffer.m */ = {isa = PBXFileReference; fileEncoding = 4; lastKnownFileType = sourcecode.c.objc; path = "UIImage+PixelBuffer.m"; sourceTree = "<group>"; };
		4CD86B7F15FAA88400B1767C /* en */ = {isa = PBXFileReference; lastKnownFileType = file.xib; name = en; path = CKObjectTrackerTest/en.lproj/ResourceViewController.xib; sourceTree = SOURCE_ROOT; };
		4CE1862915F9E071004C3372 /* MainViewController.h */ = {isa = PBXFileReference; fileEncoding = 4; lastKnownFileType = sourcecode.c.h; path = MainViewController.h; sourceTree = "<group>"; };
		4CE1862A15F9E071004C3372 /* MainViewController.m */ = {isa = PBXFileReference; fileEncoding = 4; lastKnownFileType = sourcecode.c.objc; path = MainViewController.m; sourceTree = "<group>"; };
		4CE1862B15F9E071004C3372 /* ResourceViewController.h */ = {isa = PBXFileReference; fileEncoding = 4; lastKnownFileType = sourcecode.c.h; path = ResourceViewController.h; sourceTree = "<group>"; };
		4CE1862C15F9E071004C3372 /* ResourceViewController.m */ = {isa = PBXFileReference; fileEncoding = 4; lastKnownFileType = sourcecode.c.objc; path = ResourceViewController.m; sourceTree = "<group>"; };
		4CE1862E15F9E071004C3372 /* VideoReader.h */ = {isa = PBXFileReference; fileEncoding = 4; lastKnownFileType = sourcecode.c.h; path = VideoReader.h; sourceTree = "<group>"; };
		4CE1862F15F9E071004C3372 /* VideoReader.m */ = {isa = PBXFileReference; fileEncoding = 4; lastKnownFileType = sourcecode.c.objc; path = VideoReader.m; sourceTree = "<group>"; };
		4CE1863415F9E0CD004C3372 /* MainViewController.h */ = {isa = PBXFileReference; fileEncoding = 4; lastKnownFileType = sourcecode.c.h; path = MainViewController.h; sourceTree = "<group>"; };
		4CE1863515F9E0CD004C3372 /* MainViewController.m */ = {isa = PBXFileReference; fileEncoding = 4; lastKnownFileType = sourcecode.c.objc; path = MainViewController.m; sourceTree = "<group>"; };
		4CE1863715F9E0CD004C3372 /* CaptureManager.h */ = {isa = PBXFileReference; fileEncoding = 4; lastKnownFileType = sourcecode.c.h; path = CaptureManager.h; sourceTree = "<group>"; };
		4CE1863815F9E0CD004C3372 /* CaptureManager.m */ = {isa = PBXFileReference; fileEncoding = 4; lastKnownFileType = sourcecode.c.objc; path = CaptureManager.m; sourceTree = "<group>"; };
		4CE1863C15F9E147004C3372 /* CVImageConverter.h */ = {isa = PBXFileReference; fileEncoding = 4; lastKnownFileType = sourcecode.c.h; path = CVImageConverter.h; sourceTree = "<group>"; };
		4CE1863D15F9E147004C3372 /* CVImageConverter.mm */ = {isa = PBXFileReference; fileEncoding = 4; lastKnownFileType = sourcecode.cpp.objcpp; path = CVImageConverter.mm; sourceTree = "<group>"; };
		4CE1864015F9E2EF004C3372 /* FPSCalcApple.h */ = {isa = PBXFileReference; fileEncoding = 4; lastKnownFileType = sourcecode.c.h; path = FPSCalcApple.h; sourceTree = "<group>"; };
		4CE1864115F9E2EF004C3372 /* FPSCalcApple.m */ = {isa = PBXFileReference; fileEncoding = 4; lastKnownFileType = sourcecode.c.objc; path = FPSCalcApple.m; sourceTree = "<group>"; };
		4CE1864215F9E2EF004C3372 /* FPSCalcSummerhill.h */ = {isa = PBXFileReference; fileEncoding = 4; lastKnownFileType = sourcecode.c.h; path = FPSCalcSummerhill.h; sourceTree = "<group>"; };
		4CE1864315F9E2EF004C3372 /* FPSCalcSummerhill.m */ = {isa = PBXFileReference; fileEncoding = 4; lastKnownFileType = sourcecode.c.objc; path = FPSCalcSummerhill.m; sourceTree = "<group>"; };
		4CE1864415F9E2EF004C3372 /* FPSCalculator.h */ = {isa = PBXFileReference; fileEncoding = 4; lastKnownFileType = sourcecode.c.h; path = FPSCalculator.h; sourceTree = "<group>"; };
		4CE1864515F9E2EF004C3372 /* FPSCalculator.m */ = {isa = PBXFileReference; fileEncoding = 4; lastKnownFileType = sourcecode.c.objc; path = FPSCalculator.m; sourceTree = "<group>"; };
		4CE1864C15F9E5B1004C3372 /* CoreMedia.framework */ = {isa = PBXFileReference; lastKnownFileType = wrapper.framework; name = CoreMedia.framework; path = System/Library/Frameworks/CoreMedia.framework; sourceTree = SDKROOT; };
		4CE1864E15F9E5B8004C3372 /* AVFoundation.framework */ = {isa = PBXFileReference; lastKnownFileType = wrapper.framework; name = AVFoundation.framework; path = System/Library/Frameworks/AVFoundation.framework; sourceTree = SDKROOT; };
		4CE1865015F9E5D2004C3372 /* QuartzCore.framework */ = {isa = PBXFileReference; lastKnownFileType = wrapper.framework; name = QuartzCore.framework; path = System/Library/Frameworks/QuartzCore.framework; sourceTree = SDKROOT; };
		4CE1865215F9E5E5004C3372 /* CoreVideo.framework */ = {isa = PBXFileReference; lastKnownFileType = wrapper.framework; name = CoreVideo.framework; path = System/Library/Frameworks/CoreVideo.framework; sourceTree = SDKROOT; };
		4CE1865815F9E81F004C3372 /* Utils.h */ = {isa = PBXFileReference; lastKnownFileType = sourcecode.c.h; path = Utils.h; sourceTree = "<group>"; };
		4CE1865915F9EA90004C3372 /* ObjectTrackerLibrary.h */ = {isa = PBXFileReference; fileEncoding = 4; lastKnownFileType = sourcecode.c.h; path = ObjectTrackerLibrary.h; sourceTree = "<group>"; };
		4CE1865A15F9EA90004C3372 /* ObjectTrackerLibrary.mm */ = {isa = PBXFileReference; fileEncoding = 4; lastKnownFileType = sourcecode.cpp.objcpp; path = ObjectTrackerLibrary.mm; sourceTree = "<group>"; };
		4CE1865D15FA3EA1004C3372 /* CVImageConverter+PixelBuffer.h */ = {isa = PBXFileReference; fileEncoding = 4; lastKnownFileType = sourcecode.c.h; path = "CVImageConverter+PixelBuffer.h"; sourceTree = "<group>"; };
		4CE1865E15FA3EA1004C3372 /* CVImageConverter+PixelBuffer.mm */ = {isa = PBXFileReference; fileEncoding = 4; lastKnownFileType = sourcecode.cpp.objcpp; path = "CVImageConverter+PixelBuffer.mm"; sourceTree = "<group>"; };
/* End PBXFileReference section */

/* Begin PBXFrameworksBuildPhase section */
		4C4E0D0E15DE33C0002BE9A4 /* Frameworks */ = {
			isa = PBXFrameworksBuildPhase;
			buildActionMask = 2147483647;
			files = (
				4C4E0D1315DE33C0002BE9A4 /* UIKit.framework in Frameworks */,
				4C4E0D1415DE33C0002BE9A4 /* Foundation.framework in Frameworks */,
				4C4E0D1515DE33C0002BE9A4 /* CoreGraphics.framework in Frameworks */,
				4C4E0DE715DE4077002BE9A4 /* libCKObjectTrackerPhone.a in Frameworks */,
				4CE1865415F9E71A004C3372 /* AVFoundation.framework in Frameworks */,
				4CE1865515F9E71D004C3372 /* CoreMedia.framework in Frameworks */,
				4CE1865615F9E727004C3372 /* CoreVideo.framework in Frameworks */,
				4CE1865715F9E73D004C3372 /* QuartzCore.framework in Frameworks */,
				4C23D20D15FE3C1100A1AC55 /* opencv2fast.framework in Frameworks */,
			);
			runOnlyForDeploymentPostprocessing = 0;
		};
		4C4E0D2C15DE344C002BE9A4 /* Frameworks */ = {
			isa = PBXFrameworksBuildPhase;
			buildActionMask = 2147483647;
			files = (
				4C4E0D3115DE344C002BE9A4 /* UIKit.framework in Frameworks */,
				4C4E0D3215DE344C002BE9A4 /* Foundation.framework in Frameworks */,
				4CE1864F15F9E5B8004C3372 /* AVFoundation.framework in Frameworks */,
				4CE1864D15F9E5B1004C3372 /* CoreMedia.framework in Frameworks */,
				4CE1865315F9E5E5004C3372 /* CoreVideo.framework in Frameworks */,
				4C4E0D3315DE344C002BE9A4 /* CoreGraphics.framework in Frameworks */,
				4CE1865115F9E5D2004C3372 /* QuartzCore.framework in Frameworks */,
				4C23D20C15FE3A5600A1AC55 /* opencv2fast.framework in Frameworks */,
				4C4E0DE615DE4076002BE9A4 /* libCKObjectTrackerPhone.a in Frameworks */,
			);
			runOnlyForDeploymentPostprocessing = 0;
		};
/* End PBXFrameworksBuildPhase section */

/* Begin PBXGroup section */
		4C4E0CE115DE3378002BE9A4 = {
			isa = PBXGroup;
			children = (
				4C4E0D3415DE344C002BE9A4 /* CKObjectTrackerTest */,
				4C4E0D1615DE33C0002BE9A4 /* CKObjectTrackerDemo */,
				4C4E0DBA15DE3ABE002BE9A4 /* CKObjectTrackerShared */,
				4C4E0CEF15DE3378002BE9A4 /* Frameworks */,
				4C4E0CED15DE3378002BE9A4 /* Products */,
			);
			sourceTree = "<group>";
		};
		4C4E0CED15DE3378002BE9A4 /* Products */ = {
			isa = PBXGroup;
			children = (
				4C4E0D1115DE33C0002BE9A4 /* CKObjectTrackerDemo.app */,
				4C4E0D2F15DE344C002BE9A4 /* CKObjectTrackerTest.app */,
			);
			name = Products;
			sourceTree = "<group>";
		};
		4C4E0CEF15DE3378002BE9A4 /* Frameworks */ = {
			isa = PBXGroup;
			children = (
				4C4E0CF015DE3378002BE9A4 /* UIKit.framework */,
				4C4E0CF215DE3378002BE9A4 /* Foundation.framework */,
				4CE1864E15F9E5B8004C3372 /* AVFoundation.framework */,
				4CE1864C15F9E5B1004C3372 /* CoreMedia.framework */,
				4CE1865215F9E5E5004C3372 /* CoreVideo.framework */,
				4C4E0CF415DE3378002BE9A4 /* CoreGraphics.framework */,
				4CE1865015F9E5D2004C3372 /* QuartzCore.framework */,
				4C4E0DE815DE4221002BE9A4 /* opencv2.framework */,
				4C23D20B15FE3A5600A1AC55 /* opencv2fast.framework */,
				4C4E0DE415DE4034002BE9A4 /* libCKObjectTrackerPhone.a */,
			);
			name = Frameworks;
			sourceTree = "<group>";
		};
		4C4E0D1615DE33C0002BE9A4 /* CKObjectTrackerDemo */ = {
			isa = PBXGroup;
			children = (
				4CE1863615F9E0CD004C3372 /* Models */,
				4CE1863315F9E0CD004C3372 /* Controllers */,
				4C4E0D1F15DE33C0002BE9A4 /* AppDelegate.h */,
				4C4E0D2015DE33C0002BE9A4 /* AppDelegate.m */,
				4C4E0D1715DE33C0002BE9A4 /* Supporting Files */,
			);
			path = CKObjectTrackerDemo;
			sourceTree = "<group>";
		};
		4C4E0D1715DE33C0002BE9A4 /* Supporting Files */ = {
			isa = PBXGroup;
			children = (
				4C4E0D1815DE33C0002BE9A4 /* CKObjectTrackerDemo-Info.plist */,
				4C4E0D1915DE33C0002BE9A4 /* InfoPlist.strings */,
				4C4E0D1C15DE33C0002BE9A4 /* main.m */,
				4C4E0D1E15DE33C0002BE9A4 /* CKObjectTrackerDemo-Prefix.pch */,
			);
			name = "Supporting Files";
			sourceTree = "<group>";
		};
		4C4E0D3415DE344C002BE9A4 /* CKObjectTrackerTest */ = {
			isa = PBXGroup;
			children = (
				4CE1862D15F9E071004C3372 /* Models */,
				4CE1862815F9E071004C3372 /* Controllers */,
				4C4E0D3D15DE344C002BE9A4 /* AppDelegate.h */,
				4C4E0D3E15DE344C002BE9A4 /* AppDelegate.m */,
				4C4E0D3515DE344C002BE9A4 /* Supporting Files */,
			);
			path = CKObjectTrackerTest;
			sourceTree = "<group>";
		};
		4C4E0D3515DE344C002BE9A4 /* Supporting Files */ = {
			isa = PBXGroup;
			children = (
				4C962F0015F96A3500C804E5 /* testdata */,
				4C4E0D3615DE344C002BE9A4 /* CKObjectTrackerTest-Info.plist */,
				4C4E0D3715DE344C002BE9A4 /* InfoPlist.strings */,
				4C4E0D3A15DE344C002BE9A4 /* main.m */,
				4C4E0D3C15DE344C002BE9A4 /* CKObjectTrackerTest-Prefix.pch */,
			);
			name = "Supporting Files";
			sourceTree = "<group>";
		};
		4C4E0DBA15DE3ABE002BE9A4 /* CKObjectTrackerShared */ = {
			isa = PBXGroup;
			children = (
				4C4E0DBB15DE3ABE002BE9A4 /* Categories */,
				4C4E0DBC15DE3ABE002BE9A4 /* Controllers */,
				4C4E0DBD15DE3ABE002BE9A4 /* Models */,
				4C4E0DBE15DE3ABE002BE9A4 /* Views */,
				4CE1863B15F9E147004C3372 /* Utils */,
			);
			path = CKObjectTrackerShared;
			sourceTree = "<group>";
		};
		4C4E0DBB15DE3ABE002BE9A4 /* Categories */ = {
			isa = PBXGroup;
			children = (
				4CE1865D15FA3EA1004C3372 /* CVImageConverter+PixelBuffer.h */,
				4CE1865E15FA3EA1004C3372 /* CVImageConverter+PixelBuffer.mm */,
				4C8620E515FC2CB400C72DE7 /* UIView+EasyFrame.h */,
				4C8620E615FC2CB400C72DE7 /* UIView+EasyFrame.m */,
				4C7F440F15FB52FC00869927 /* UIImage+Transform.h */,
				4C7F441015FB52FC00869927 /* UIImage+Transform.m */,
				4CCC7D0515FCF97F007DFC92 /* UIImage+PixelBuffer.h */,
				4CCC7D0615FCF97F007DFC92 /* UIImage+PixelBuffer.m */,
			);
			path = Categories;
			sourceTree = "<group>";
		};
		4C4E0DBC15DE3ABE002BE9A4 /* Controllers */ = {
			isa = PBXGroup;
			children = (
				4C8620B815FBE66E00C72DE7 /* SettingsViewController.h */,
				4C8620B915FBE66E00C72DE7 /* SettingsViewController.m */,
				4C8620BA15FBE66E00C72DE7 /* SettingsViewController.xib */,
			);
			path = Controllers;
			sourceTree = "<group>";
		};
		4C4E0DBD15DE3ABE002BE9A4 /* Models */ = {
			isa = PBXGroup;
			children = (
				4CE1865915F9EA90004C3372 /* ObjectTrackerLibrary.h */,
				4CE1865A15F9EA90004C3372 /* ObjectTrackerLibrary.mm */,
				4C8620BF15FBEC2400C72DE7 /* ObjectTrackerParameter.h */,
				4C8620C015FBEC2400C72DE7 /* ObjectTrackerParameter.m */,
			);
			path = Models;
			sourceTree = "<group>";
		};
		4C4E0DBE15DE3ABE002BE9A4 /* Views */ = {
			isa = PBXGroup;
			children = (
				4C8620AE15FBE3F100C72DE7 /* Cells */,
			);
			path = Views;
			sourceTree = "<group>";
		};
		4C8620AE15FBE3F100C72DE7 /* Cells */ = {
			isa = PBXGroup;
			children = (
				4C8620DC15FC180F00C72DE7 /* ParameterCell.h */,
				4C8620DD15FC181000C72DE7 /* ParameterCell.m */,
				4C8620C715FC011C00C72DE7 /* ParameterSliderCell.h */,
				4C8620C815FC011C00C72DE7 /* ParameterSliderCell.m */,
				4C8620D615FC017600C72DE7 /* ParameterSliderCell.xib */,
				4C8620CB15FC013200C72DE7 /* ParameterSwitchCell.h */,
				4C8620CC15FC013200C72DE7 /* ParameterSwitchCell.m */,
				4C8620D915FC018A00C72DE7 /* ParameterSwitchCell.xib */,
				4C8620CF15FC014C00C72DE7 /* ParameterSegmentCell.h */,
				4C8620D015FC014C00C72DE7 /* ParameterSegmentCell.m */,
				4C8620D315FC016400C72DE7 /* ParameterSegmentCell.xib */,
			);
			path = Cells;
			sourceTree = "<group>";
		};
		4CE1862815F9E071004C3372 /* Controllers */ = {
			isa = PBXGroup;
			children = (
				4CE1862915F9E071004C3372 /* MainViewController.h */,
				4CE1862A15F9E071004C3372 /* MainViewController.m */,
				4C4E0D4315DE344C002BE9A4 /* MainViewController.xib */,
				4CE1862B15F9E071004C3372 /* ResourceViewController.h */,
				4CE1862C15F9E071004C3372 /* ResourceViewController.m */,
				4CD86B7E15FAA88400B1767C /* ResourceViewController.xib */,
			);
			path = Controllers;
			sourceTree = "<group>";
		};
		4CE1862D15F9E071004C3372 /* Models */ = {
			isa = PBXGroup;
			children = (
				4CE1862E15F9E071004C3372 /* VideoReader.h */,
				4CE1862F15F9E071004C3372 /* VideoReader.m */,
			);
			path = Models;
			sourceTree = "<group>";
		};
		4CE1863315F9E0CD004C3372 /* Controllers */ = {
			isa = PBXGroup;
			children = (
				4C7F441415FB834100869927 /* StartViewController.h */,
				4C7F441515FB834100869927 /* StartViewController.m */,
				4C7F441715FB834B00869927 /* StartViewController.xib */,
				4CE1863415F9E0CD004C3372 /* MainViewController.h */,
				4CE1863515F9E0CD004C3372 /* MainViewController.m */,
				4C4E0D2515DE33C0002BE9A4 /* MainViewController.xib */,
			);
			path = Controllers;
			sourceTree = "<group>";
		};
		4CE1863615F9E0CD004C3372 /* Models */ = {
			isa = PBXGroup;
			children = (
				4CE1863715F9E0CD004C3372 /* CaptureManager.h */,
				4CE1863815F9E0CD004C3372 /* CaptureManager.m */,
			);
			path = Models;
			sourceTree = "<group>";
		};
		4CE1863B15F9E147004C3372 /* Utils */ = {
			isa = PBXGroup;
			children = (
				4CE1865815F9E81F004C3372 /* Utils.h */,
				4C84AF6D15FB866600581974 /* Definitions.h */,
				4CE1864015F9E2EF004C3372 /* FPSCalcApple.h */,
				4CE1864115F9E2EF004C3372 /* FPSCalcApple.m */,
				4CE1864215F9E2EF004C3372 /* FPSCalcSummerhill.h */,
				4CE1864315F9E2EF004C3372 /* FPSCalcSummerhill.m */,
				4CE1864415F9E2EF004C3372 /* FPSCalculator.h */,
				4CE1864515F9E2EF004C3372 /* FPSCalculator.m */,
				4CE1863C15F9E147004C3372 /* CVImageConverter.h */,
				4CE1863D15F9E147004C3372 /* CVImageConverter.mm */,
			);
			path = Utils;
			sourceTree = "<group>";
		};
/* End PBXGroup section */

/* Begin PBXNativeTarget section */
		4C4E0D1015DE33C0002BE9A4 /* CKObjectTrackerDemo */ = {
			isa = PBXNativeTarget;
			buildConfigurationList = 4C4E0D2815DE33C0002BE9A4 /* Build configuration list for PBXNativeTarget "CKObjectTrackerDemo" */;
			buildPhases = (
				4C4E0D0D15DE33C0002BE9A4 /* Sources */,
				4C4E0D0E15DE33C0002BE9A4 /* Frameworks */,
				4C4E0D0F15DE33C0002BE9A4 /* Resources */,
			);
			buildRules = (
			);
			dependencies = (
			);
			name = CKObjectTrackerDemo;
			productName = CKObjectTrackerDemo;
			productReference = 4C4E0D1115DE33C0002BE9A4 /* CKObjectTrackerDemo.app */;
			productType = "com.apple.product-type.application";
		};
		4C4E0D2E15DE344C002BE9A4 /* CKObjectTrackerTest */ = {
			isa = PBXNativeTarget;
			buildConfigurationList = 4C4E0D4615DE344C002BE9A4 /* Build configuration list for PBXNativeTarget "CKObjectTrackerTest" */;
			buildPhases = (
				4C4E0D2B15DE344C002BE9A4 /* Sources */,
				4C4E0D2C15DE344C002BE9A4 /* Frameworks */,
				4C4E0D2D15DE344C002BE9A4 /* Resources */,
			);
			buildRules = (
			);
			dependencies = (
			);
			name = CKObjectTrackerTest;
			productName = CKObjectTrackerTest;
			productReference = 4C4E0D2F15DE344C002BE9A4 /* CKObjectTrackerTest.app */;
			productType = "com.apple.product-type.application";
		};
/* End PBXNativeTarget section */

/* Begin PBXProject section */
		4C4E0CE315DE3378002BE9A4 /* Project object */ = {
			isa = PBXProject;
			attributes = {
				LastUpgradeCheck = 0430;
				ORGANIZATIONNAME = "HTW Berlin";
			};
			buildConfigurationList = 4C4E0CE615DE3378002BE9A4 /* Build configuration list for PBXProject "CKObjectTrackerDemoPhone" */;
			compatibilityVersion = "Xcode 3.2";
			developmentRegion = English;
			hasScannedForEncodings = 0;
			knownRegions = (
				en,
			);
			mainGroup = 4C4E0CE115DE3378002BE9A4;
			productRefGroup = 4C4E0CED15DE3378002BE9A4 /* Products */;
			projectDirPath = "";
			projectRoot = "";
			targets = (
				4C4E0D2E15DE344C002BE9A4 /* CKObjectTrackerTest */,
				4C4E0D1015DE33C0002BE9A4 /* CKObjectTrackerDemo */,
			);
		};
/* End PBXProject section */

/* Begin PBXResourcesBuildPhase section */
		4C4E0D0F15DE33C0002BE9A4 /* Resources */ = {
			isa = PBXResourcesBuildPhase;
			buildActionMask = 2147483647;
			files = (
				4C4E0D1B15DE33C0002BE9A4 /* InfoPlist.strings in Resources */,
				4C4E0D2715DE33C0002BE9A4 /* MainViewController.xib in Resources */,
				4C7F441915FB834B00869927 /* StartViewController.xib in Resources */,
				4C8620BE15FBE66E00C72DE7 /* SettingsViewController.xib in Resources */,
				4C8620D515FC016400C72DE7 /* ParameterSegmentCell.xib in Resources */,
				4C8620D815FC017600C72DE7 /* ParameterSliderCell.xib in Resources */,
				4C8620DB15FC018A00C72DE7 /* ParameterSwitchCell.xib in Resources */,
			);
			runOnlyForDeploymentPostprocessing = 0;
		};
		4C4E0D2D15DE344C002BE9A4 /* Resources */ = {
			isa = PBXResourcesBuildPhase;
			buildActionMask = 2147483647;
			files = (
				4C4E0D3915DE344C002BE9A4 /* InfoPlist.strings in Resources */,
				4C4E0D4515DE344C002BE9A4 /* MainViewController.xib in Resources */,
				4C962F0115F96A3500C804E5 /* testdata in Resources */,
				4CD86B8015FAA88400B1767C /* ResourceViewController.xib in Resources */,
				4C8620BD15FBE66E00C72DE7 /* SettingsViewController.xib in Resources */,
				4C8620D415FC016400C72DE7 /* ParameterSegmentCell.xib in Resources */,
				4C8620D715FC017600C72DE7 /* ParameterSliderCell.xib in Resources */,
				4C8620DA15FC018A00C72DE7 /* ParameterSwitchCell.xib in Resources */,
			);
			runOnlyForDeploymentPostprocessing = 0;
		};
/* End PBXResourcesBuildPhase section */

/* Begin PBXSourcesBuildPhase section */
		4C4E0D0D15DE33C0002BE9A4 /* Sources */ = {
			isa = PBXSourcesBuildPhase;
			buildActionMask = 2147483647;
			files = (
				4C4E0D1D15DE33C0002BE9A4 /* main.m in Sources */,
				4C4E0D2115DE33C0002BE9A4 /* AppDelegate.m in Sources */,
				4CE1863915F9E0CD004C3372 /* MainViewController.m in Sources */,
				4CE1863A15F9E0CD004C3372 /* CaptureManager.m in Sources */,
				4CE1863F15F9E147004C3372 /* CVImageConverter.mm in Sources */,
				4CE1864715F9E2EF004C3372 /* FPSCalcApple.m in Sources */,
				4CE1864915F9E2EF004C3372 /* FPSCalcSummerhill.m in Sources */,
				4CE1864B15F9E2EF004C3372 /* FPSCalculator.m in Sources */,
				4CE1865C15F9EA90004C3372 /* ObjectTrackerLibrary.mm in Sources */,
				4CE1866015FA3EA1004C3372 /* CVImageConverter+PixelBuffer.mm in Sources */,
				4C7F441215FB52FC00869927 /* UIImage+Transform.m in Sources */,
				4C7F441615FB834100869927 /* StartViewController.m in Sources */,
				4C8620BC15FBE66E00C72DE7 /* SettingsViewController.m in Sources */,
				4C8620C215FBEC2400C72DE7 /* ObjectTrackerParameter.m in Sources */,
				4C8620CA15FC011C00C72DE7 /* ParameterSliderCell.m in Sources */,
				4C8620CE15FC013200C72DE7 /* ParameterSwitchCell.m in Sources */,
				4C8620D215FC014C00C72DE7 /* ParameterSegmentCell.m in Sources */,
				4C8620DF15FC181000C72DE7 /* ParameterCell.m in Sources */,
				4C8620E815FC2CB400C72DE7 /* UIView+EasyFrame.m in Sources */,
				4CCC7D0815FCF980007DFC92 /* UIImage+PixelBuffer.m in Sources */,
			);
			runOnlyForDeploymentPostprocessing = 0;
		};
		4C4E0D2B15DE344C002BE9A4 /* Sources */ = {
			isa = PBXSourcesBuildPhase;
			buildActionMask = 2147483647;
			files = (
				4C4E0D3B15DE344C002BE9A4 /* main.m in Sources */,
				4C4E0D3F15DE344C002BE9A4 /* AppDelegate.m in Sources */,
				4CE1863015F9E071004C3372 /* MainViewController.m in Sources */,
				4CE1863115F9E071004C3372 /* ResourceViewController.m in Sources */,
				4CE1863215F9E071004C3372 /* VideoReader.m in Sources */,
				4CE1863E15F9E147004C3372 /* CVImageConverter.mm in Sources */,
				4CE1864615F9E2EF004C3372 /* FPSCalcApple.m in Sources */,
				4CE1864815F9E2EF004C3372 /* FPSCalcSummerhill.m in Sources */,
				4CE1864A15F9E2EF004C3372 /* FPSCalculator.m in Sources */,
				4CE1865B15F9EA90004C3372 /* ObjectTrackerLibrary.mm in Sources */,
				4CE1865F15FA3EA1004C3372 /* CVImageConverter+PixelBuffer.mm in Sources */,
				4C7F441115FB52FC00869927 /* UIImage+Transform.m in Sources */,
				4C8620BB15FBE66E00C72DE7 /* SettingsViewController.m in Sources */,
				4C8620C115FBEC2400C72DE7 /* ObjectTrackerParameter.m in Sources */,
				4C8620C915FC011C00C72DE7 /* ParameterSliderCell.m in Sources */,
				4C8620CD15FC013200C72DE7 /* ParameterSwitchCell.m in Sources */,
				4C8620D115FC014C00C72DE7 /* ParameterSegmentCell.m in Sources */,
				4C8620DE15FC181000C72DE7 /* ParameterCell.m in Sources */,
				4C8620E715FC2CB400C72DE7 /* UIView+EasyFrame.m in Sources */,
				4CCC7D0715FCF980007DFC92 /* UIImage+PixelBuffer.m in Sources */,
			);
			runOnlyForDeploymentPostprocessing = 0;
		};
/* End PBXSourcesBuildPhase section */

/* Begin PBXVariantGroup section */
		4C4E0D1915DE33C0002BE9A4 /* InfoPlist.strings */ = {
			isa = PBXVariantGroup;
			children = (
				4C4E0D1A15DE33C0002BE9A4 /* en */,
			);
			name = InfoPlist.strings;
			sourceTree = "<group>";
		};
		4C4E0D2515DE33C0002BE9A4 /* MainViewController.xib */ = {
			isa = PBXVariantGroup;
			children = (
				4C4E0D2615DE33C0002BE9A4 /* en */,
			);
			name = MainViewController.xib;
			path = ..;
			sourceTree = "<group>";
		};
		4C4E0D3715DE344C002BE9A4 /* InfoPlist.strings */ = {
			isa = PBXVariantGroup;
			children = (
				4C4E0D3815DE344C002BE9A4 /* en */,
			);
			name = InfoPlist.strings;
			sourceTree = "<group>";
		};
		4C4E0D4315DE344C002BE9A4 /* MainViewController.xib */ = {
			isa = PBXVariantGroup;
			children = (
				4C4E0D4415DE344C002BE9A4 /* en */,
			);
			name = MainViewController.xib;
			path = ..;
			sourceTree = "<group>";
		};
		4C7F441715FB834B00869927 /* StartViewController.xib */ = {
			isa = PBXVariantGroup;
			children = (
				4C7F441815FB834B00869927 /* en */,
			);
			name = StartViewController.xib;
			sourceTree = "<group>";
		};
		4CD86B7E15FAA88400B1767C /* ResourceViewController.xib */ = {
			isa = PBXVariantGroup;
			children = (
				4CD86B7F15FAA88400B1767C /* en */,
			);
			name = ResourceViewController.xib;
			sourceTree = "<group>";
		};
/* End PBXVariantGroup section */

/* Begin XCBuildConfiguration section */
		4C4E0D0815DE3378002BE9A4 /* Debug */ = {
			isa = XCBuildConfiguration;
			buildSettings = {
				ALWAYS_SEARCH_USER_PATHS = NO;
				ARCHS = "$(ARCHS_STANDARD_32_BIT)";
				CLANG_ENABLE_OBJC_ARC = YES;
				"CODE_SIGN_IDENTITY[sdk=iphoneos*]" = "iPhone Developer";
				COPY_PHASE_STRIP = NO;
				FRAMEWORK_SEARCH_PATHS = "\"$(SRCROOT)/..\"";
				GCC_C_LANGUAGE_STANDARD = gnu99;
				GCC_DYNAMIC_NO_PIC = NO;
				GCC_OPTIMIZATION_LEVEL = 0;
				GCC_PREPROCESSOR_DEFINITIONS = (
					"DEBUG=1",
					"$(inherited)",
				);
				GCC_SYMBOLS_PRIVATE_EXTERN = NO;
				GCC_VERSION = com.apple.compilers.llvm.clang.1_0;
				GCC_WARN_ABOUT_RETURN_TYPE = YES;
				GCC_WARN_UNINITIALIZED_AUTOS = YES;
				GCC_WARN_UNUSED_VARIABLE = YES;
				IPHONEOS_DEPLOYMENT_TARGET = 5.1;
				LIBRARY_SEARCH_PATHS = "$(BUILT_PRODUCTS_DIR)";
				SDKROOT = iphoneos;
				USER_HEADER_SEARCH_PATHS = "\"$(BUILT_PRODUCTS_DIR)\"/** \"$(BUILD_ROOT)/../IntermediateBuildFilesPath/UninstalledProducts\"/**";
			};
			name = Debug;
		};
		4C4E0D0915DE3378002BE9A4 /* Release */ = {
			isa = XCBuildConfiguration;
			buildSettings = {
				ALWAYS_SEARCH_USER_PATHS = NO;
				ARCHS = "$(ARCHS_STANDARD_32_BIT)";
				CLANG_ENABLE_OBJC_ARC = YES;
				"CODE_SIGN_IDENTITY[sdk=iphoneos*]" = "iPhone Developer";
				COPY_PHASE_STRIP = YES;
				FRAMEWORK_SEARCH_PATHS = "\"$(SRCROOT)/..\"";
				GCC_C_LANGUAGE_STANDARD = gnu99;
				GCC_VERSION = com.apple.compilers.llvm.clang.1_0;
				GCC_WARN_ABOUT_RETURN_TYPE = YES;
				GCC_WARN_UNINITIALIZED_AUTOS = YES;
				GCC_WARN_UNUSED_VARIABLE = YES;
				IPHONEOS_DEPLOYMENT_TARGET = 5.1;
				LIBRARY_SEARCH_PATHS = "$(BUILT_PRODUCTS_DIR)";
				OTHER_CFLAGS = "-DNS_BLOCK_ASSERTIONS=1";
				SDKROOT = iphoneos;
				USER_HEADER_SEARCH_PATHS = "\"$(BUILT_PRODUCTS_DIR)\"/** \"$(BUILD_ROOT)/../IntermediateBuildFilesPath/UninstalledProducts\"/**";
				VALIDATE_PRODUCT = YES;
			};
			name = Release;
		};
		4C4E0D2915DE33C0002BE9A4 /* Debug */ = {
			isa = XCBuildConfiguration;
			buildSettings = {
				"CODE_SIGN_IDENTITY[sdk=iphoneos*]" = "iPhone Developer";
				FRAMEWORK_SEARCH_PATHS = (
					"$(inherited)",
					"\"$(SRCROOT)/..\"",
				);
				GCC_PRECOMPILE_PREFIX_HEADER = YES;
				GCC_PREFIX_HEADER = "CKObjectTrackerDemo/CKObjectTrackerDemo-Prefix.pch";
				INFOPLIST_FILE = "CKObjectTrackerDemo/CKObjectTrackerDemo-Info.plist";
				LIBRARY_SEARCH_PATHS = "$(inherited)";
				PRODUCT_NAME = "$(TARGET_NAME)";
				USER_HEADER_SEARCH_PATHS = "$(inherited)";
				WRAPPER_EXTENSION = app;
			};
			name = Debug;
		};
		4C4E0D2A15DE33C0002BE9A4 /* Release */ = {
			isa = XCBuildConfiguration;
			buildSettings = {
				"CODE_SIGN_IDENTITY[sdk=iphoneos*]" = "iPhone Developer";
				FRAMEWORK_SEARCH_PATHS = (
					"$(inherited)",
					"\"$(SRCROOT)/..\"",
				);
				GCC_PRECOMPILE_PREFIX_HEADER = YES;
				GCC_PREFIX_HEADER = "CKObjectTrackerDemo/CKObjectTrackerDemo-Prefix.pch";
				INFOPLIST_FILE = "CKObjectTrackerDemo/CKObjectTrackerDemo-Info.plist";
				LIBRARY_SEARCH_PATHS = "$(inherited)";
				PRODUCT_NAME = "$(TARGET_NAME)";
				USER_HEADER_SEARCH_PATHS = "$(inherited)";
				WRAPPER_EXTENSION = app;
			};
			name = Release;
		};
		4C4E0D4715DE344C002BE9A4 /* Debug */ = {
			isa = XCBuildConfiguration;
			buildSettings = {
				"CODE_SIGN_IDENTITY[sdk=iphoneos*]" = "iPhone Developer";
				FRAMEWORK_SEARCH_PATHS = (
					"$(inherited)",
					"\"$(SRCROOT)/..\"",
				);
				GCC_PRECOMPILE_PREFIX_HEADER = YES;
				GCC_PREFIX_HEADER = "CKObjectTrackerTest/CKObjectTrackerTest-Prefix.pch";
				INFOPLIST_FILE = "CKObjectTrackerTest/CKObjectTrackerTest-Info.plist";
				LIBRARY_SEARCH_PATHS = "$(inherited)";
				PRODUCT_NAME = "$(TARGET_NAME)";
				USER_HEADER_SEARCH_PATHS = "$(inherited)";
				WRAPPER_EXTENSION = app;
			};
			name = Debug;
		};
		4C4E0D4815DE344C002BE9A4 /* Release */ = {
			isa = XCBuildConfiguration;
			buildSettings = {
				"CODE_SIGN_IDENTITY[sdk=iphoneos*]" = "iPhone Developer";
				FRAMEWORK_SEARCH_PATHS = (
					"$(inherited)",
					"\"$(SRCROOT)/..\"",
				);
				GCC_PRECOMPILE_PREFIX_HEADER = YES;
				GCC_PREFIX_HEADER = "CKObjectTrackerTest/CKObjectTrackerTest-Prefix.pch";
				INFOPLIST_FILE = "CKObjectTrackerTest/CKObjectTrackerTest-Info.plist";
				LIBRARY_SEARCH_PATHS = "$(inherited)";
				PRODUCT_NAME = "$(TARGET_NAME)";
				USER_HEADER_SEARCH_PATHS = "$(inherited)";
				WRAPPER_EXTENSION = app;
			};
			name = Release;
		};
/* End XCBuildConfiguration section */

/* Begin XCConfigurationList section */
		4C4E0CE615DE3378002BE9A4 /* Build configuration list for PBXProject "CKObjectTrackerDemoPhone" */ = {
			isa = XCConfigurationList;
			buildConfigurations = (
				4C4E0D0815DE3378002BE9A4 /* Debug */,
				4C4E0D0915DE3378002BE9A4 /* Release */,
			);
			defaultConfigurationIsVisible = 0;
			defaultConfigurationName = Release;
		};
		4C4E0D2815DE33C0002BE9A4 /* Build configuration list for PBXNativeTarget "CKObjectTrackerDemo" */ = {
			isa = XCConfigurationList;
			buildConfigurations = (
				4C4E0D2915DE33C0002BE9A4 /* Debug */,
				4C4E0D2A15DE33C0002BE9A4 /* Release */,
			);
			defaultConfigurationIsVisible = 0;
			defaultConfigurationName = Release;
		};
		4C4E0D4615DE344C002BE9A4 /* Build configuration list for PBXNativeTarget "CKObjectTrackerTest" */ = {
			isa = XCConfigurationList;
			buildConfigurations = (
				4C4E0D4715DE344C002BE9A4 /* Debug */,
				4C4E0D4815DE344C002BE9A4 /* Release */,
			);
			defaultConfigurationIsVisible = 0;
			defaultConfigurationName = Release;
		};
/* End XCConfigurationList section */
	};
	rootObject = 4C4E0CE315DE3378002BE9A4 /* Project object */;
}
