<?xml version="1.0" encoding="UTF-8"?>
<Scheme
   LastUpgradeVersion = "0730"
   version = "1.3">
   <BuildAction
      parallelizeBuildables = "NO"
      buildImplicitDependencies = "YES">
      <BuildActionEntries>
         <BuildActionEntry
            buildForTesting = "YES"
            buildForRunning = "YES"
            buildForProfiling = "YES"
            buildForArchiving = "YES"
            buildForAnalyzing = "YES">
            <BuildableReference
               BuildableIdentifier = "primary"
               BlueprintIdentifier = "4C4E0D7615DE352D002BE9A4"
               BuildableName = "libCKObjectTrackerMac.a"
               BlueprintName = "CKObjectTrackerMac"
               ReferencedContainer = "container:../CKObjectTrackerLib/CKObjectTrackerLib.xcodeproj">
            </BuildableReference>
         </BuildActionEntry>
         <BuildActionEntry
            buildForTesting = "YES"
            buildForRunning = "YES"
            buildForProfiling = "YES"
            buildForArchiving = "YES"
            buildForAnalyzing = "YES">
            <BuildableReference
               BuildableIdentifier = "primary"
               BlueprintIdentifier = "4C4E0CD615DE3245002BE9A4"
               BuildableName = "CKObjectTrackerTest"
               BlueprintName = "CKObjectTrackerTest"
               ReferencedContainer = "container:CKObjectTrackerDemoMac.xcodeproj">
            </BuildableReference>
         </BuildActionEntry>
      </BuildActionEntries>
   </BuildAction>
   <TestAction
      buildConfiguration = "Debug"
      selectedDebuggerIdentifier = "Xcode.DebuggerFoundation.Debugger.LLDB"
      selectedLauncherIdentifier = "Xcode.DebuggerFoundation.Launcher.LLDB"
      shouldUseLaunchSchemeArgsEnv = "YES">
      <Testables>
      </Testables>
      <MacroExpansion>
         <BuildableReference
            BuildableIdentifier = "primary"
            BlueprintIdentifier = "4C4E0CD615DE3245002BE9A4"
            BuildableName = "CKObjectTrackerTest"
            BlueprintName = "CKObjectTrackerTest"
            ReferencedContainer = "container:CKObjectTrackerDemoMac.xcodeproj">
         </BuildableReference>
      </MacroExpansion>
      <AdditionalOptions>
      </AdditionalOptions>
   </TestAction>
   <LaunchAction
      buildConfiguration = "Debug"
      selectedDebuggerIdentifier = "Xcode.DebuggerFoundation.Debugger.LLDB"
      selectedLauncherIdentifier = "Xcode.DebuggerFoundation.Launcher.LLDB"
      launchStyle = "0"
      useCustomWorkingDirectory = "NO"
      ignoresPersistentStateOnLaunch = "NO"
      debugDocumentVersioning = "YES"
      debugServiceExtension = "internal"
      allowLocationSimulation = "YES">
      <BuildableProductRunnable
         runnableDebuggingMode = "0">
         <BuildableReference
            BuildableIdentifier = "primary"
            BlueprintIdentifier = "4C4E0CD615DE3245002BE9A4"
            BuildableName = "CKObjectTrackerTest"
            BlueprintName = "CKObjectTrackerTest"
            ReferencedContainer = "container:CKObjectTrackerDemoMac.xcodeproj">
         </BuildableReference>
      </BuildableProductRunnable>
      <CommandLineArguments>
         <CommandLineArgument
            argument = "img_204x153_book1.jpg"
            isEnabled = "NO">
         </CommandLineArgument>
         <CommandLineArgument
            argument = "img_408x306_book1.jpg"
            isEnabled = "YES">
         </CommandLineArgument>
         <CommandLineArgument
            argument = "img_816x612_book1.jpg"
            isEnabled = "NO">
         </CommandLineArgument>
         <CommandLineArgument
            argument = "img_1632x1224_book1.jpg"
            isEnabled = "NO">
         </CommandLineArgument>
         <CommandLineArgument
            argument = "img_3264x2448_book1.jpg"
            isEnabled = "NO">
         </CommandLineArgument>
         <CommandLineArgument
            argument = "vid_192x144_rotation_book1.mov"
            isEnabled = "NO">
         </CommandLineArgument>
         <CommandLineArgument
            argument = "vid_352x288_rotation_book1.mov"
            isEnabled = "YES">
         </CommandLineArgument>
         <CommandLineArgument
            argument = "vid_480x360_rotation_book1.mov"
            isEnabled = "NO">
         </CommandLineArgument>
         <CommandLineArgument
            argument = "vid_640x480_rotation_book1.mov"
            isEnabled = "NO">
         </CommandLineArgument>
      </CommandLineArguments>
      <AdditionalOptions>
      </AdditionalOptions>
   </LaunchAction>
   <ProfileAction
      buildConfiguration = "Debug"
      shouldUseLaunchSchemeArgsEnv = "YES"
      savedToolIdentifier = ""
      useCustomWorkingDirectory = "NO"
      debugDocumentVersioning = "YES">
      <BuildableProductRunnable
         runnableDebuggingMode = "0">
         <BuildableReference
            BuildableIdentifier = "primary"
            BlueprintIdentifier = "4C4E0CD615DE3245002BE9A4"
            BuildableName = "CKObjectTrackerTest"
            BlueprintName = "CKObjectTrackerTest"
            ReferencedContainer = "container:CKObjectTrackerDemoMac.xcodeproj">
         </BuildableReference>
      </BuildableProductRunnable>
   </ProfileAction>
   <AnalyzeAction
      buildConfiguration = "Debug">
   </AnalyzeAction>
   <ArchiveAction
      buildConfiguration = "Release"
      revealArchiveInOrganizer = "YES">
   </ArchiveAction>
</Scheme>
