// !$*UTF8*$!
{
	archiveVersion = 1;
	classes = {
	};
	objectVersion = 46;
	objects = {

/* Begin PBXBuildFile section */
		4C48660816B9393F008C9163 /* opencv2.framework in Frameworks */ = {isa = PBXBuildFile; fileRef = 4C4E0DDD15DE3E94002BE9A4 /* opencv2.framework */; };
		4C48661C16B939B0008C9163 /* ObjectTracker.cpp in Sources */ = {isa = PBXBuildFile; fileRef = 4C4E0D8A15DE368E002BE9A4 /* ObjectTracker.cpp */; };
		4C48661D16B939B0008C9163 /* DetectionModule.cpp in Sources */ = {isa = PBXBuildFile; fileRef = 4C506C3D15E4FC430087865E /* DetectionModule.cpp */; };
		4C48661E16B939B0008C9163 /* TrackingModule.cpp in Sources */ = {isa = PBXBuildFile; fileRef = 4C506C4015E4FC5D0087865E /* TrackingModule.cpp */; };
		4C48661F16B939B0008C9163 /* ValidationModule.cpp in Sources */ = {isa = PBXBuildFile; fileRef = 4C506C4315E4FC6D0087865E /* ValidationModule.cpp */; };
		4C48662016B939B0008C9163 /* Profiler.cpp in Sources */ = {isa = PBXBuildFile; fileRef = 4C506C8515E51E120087865E /* Profiler.cpp */; };
		4C48662116B939B0008C9163 /* ObjectTrackerDebugger.cpp in Sources */ = {isa = PBXBuildFile; fileRef = 4CBB24A915E7D092005867C4 /* ObjectTrackerDebugger.cpp */; };
		4C48662216B939B0008C9163 /* AbstractModule.cpp in Sources */ = {isa = PBXBuildFile; fileRef = 4CBB24B515E811E1005867C4 /* AbstractModule.cpp */; };
		4C48662316B939B0008C9163 /* ObjectTrackerImpl.cpp in Sources */ = {isa = PBXBuildFile; fileRef = 4CC655B915E8C3DD0035C072 /* ObjectTrackerImpl.cpp */; };
		4C48662416B939B0008C9163 /* EmptyModule.cpp in Sources */ = {isa = PBXBuildFile; fileRef = 4CC655D415E9419D0035C072 /* EmptyModule.cpp */; };
		4C48662516B939B0008C9163 /* DescriptorMatcherFilterer.cpp in Sources */ = {isa = PBXBuildFile; fileRef = 4CCBADC915EBA719005C579F /* DescriptorMatcherFilterer.cpp */; };
		4C48662616B939B0008C9163 /* SanityCheck.cpp in Sources */ = {isa = PBXBuildFile; fileRef = 4CCBADCF15EBD4F0005C579F /* SanityCheck.cpp */; };
		4C48662716B939B0008C9163 /* Settings.cpp in Sources */ = {isa = PBXBuildFile; fileRef = 4C836FC515F52E11001535A4 /* Settings.cpp */; };
		4C48662816B939B0008C9163 /* ObjectTrackerDebugInfo.cpp in Sources */ = {isa = PBXBuildFile; fileRef = 4CD77F2215F8B8A700BBC9D8 /* ObjectTrackerDebugInfo.cpp */; };
		4C48662916B939B0008C9163 /* FilterAlgorithm.cpp in Sources */ = {isa = PBXBuildFile; fileRef = 4CD77F2B15F8D0F200BBC9D8 /* FilterAlgorithm.cpp */; };
		4C48662A16B939B0008C9163 /* ColorConversion.cpp in Sources */ = {isa = PBXBuildFile; fileRef = 4CD77F3115F8D2FB00BBC9D8 /* ColorConversion.cpp */; };
		4C48662B16B939B0008C9163 /* PointOperations.cpp in Sources */ = {isa = PBXBuildFile; fileRef = 4CD77F3A15F8D9FB00BBC9D8 /* PointOperations.cpp */; };
		4C48662C16B939B0008C9163 /* TransformationBuilder.cpp in Sources */ = {isa = PBXBuildFile; fileRef = 4CCA4A44161EC61E005B92D9 /* TransformationBuilder.cpp */; };
		4C48662D16B939B0008C9163 /* CameraParams.cpp in Sources */ = {isa = PBXBuildFile; fileRef = 4CCA4A4B161ECDDC005B92D9 /* CameraParams.cpp */; };
		4C48663116B939B0008C9163 /* ObjectTracker.h in Headers */ = {isa = PBXBuildFile; fileRef = 4C4E0D8B15DE368E002BE9A4 /* ObjectTracker.h */; settings = {ATTRIBUTES = (Public, ); }; };
		4C48663216B939B0008C9163 /* DetectionModule.h in Headers */ = {isa = PBXBuildFile; fileRef = 4C506C3415E4FB8C0087865E /* DetectionModule.h */; };
		4C48663316B939B0008C9163 /* ValidationModule.h in Headers */ = {isa = PBXBuildFile; fileRef = 4C506C3515E4FB8C0087865E /* ValidationModule.h */; };
		4C48663416B939B0008C9163 /* TrackingModule.h in Headers */ = {isa = PBXBuildFile; fileRef = 4C506C3A15E4FBBB0087865E /* TrackingModule.h */; };
		4C48663516B939B0008C9163 /* Singleton.h in Headers */ = {isa = PBXBuildFile; fileRef = 4C506C7F15E51DF00087865E /* Singleton.h */; };
		4C48663616B939B0008C9163 /* Profiler.h in Headers */ = {isa = PBXBuildFile; fileRef = 4C506C8215E51E010087865E /* Profiler.h */; };
		4C48663716B939B0008C9163 /* ObjectTrackerDebugger.h in Headers */ = {isa = PBXBuildFile; fileRef = 4CBB24A615E7D074005867C4 /* ObjectTrackerDebugger.h */; settings = {ATTRIBUTES = (Public, ); }; };
		4C48663816B939B0008C9163 /* AbstractModule.h in Headers */ = {isa = PBXBuildFile; fileRef = 4CBB24AF15E80914005867C4 /* AbstractModule.h */; };
		4C48663916B939B0008C9163 /* ObjectTrackerImpl.h in Headers */ = {isa = PBXBuildFile; fileRef = 4CC655B515E8C3010035C072 /* ObjectTrackerImpl.h */; };
		4C48663A16B939B0008C9163 /* ModuleManagement.h in Headers */ = {isa = PBXBuildFile; fileRef = 4CC655C215E9331D0035C072 /* ModuleManagement.h */; };
		4C48663B16B939B0008C9163 /* EmptyModule.h in Headers */ = {isa = PBXBuildFile; fileRef = 4CC655D115E9418E0035C072 /* EmptyModule.h */; };
		4C48663C16B939B0008C9163 /* ModuleParams.h in Headers */ = {isa = PBXBuildFile; fileRef = 4CCBADC315EBA343005C579F /* ModuleParams.h */; };
		4C48663D16B939B0008C9163 /* DescriptorMatcherFilterer.h in Headers */ = {isa = PBXBuildFile; fileRef = 4CCBADC615EBA6FE005C579F /* DescriptorMatcherFilterer.h */; };
		4C48663E16B939B0008C9163 /* SanityCheck.h in Headers */ = {isa = PBXBuildFile; fileRef = 4CCBADCC15EBD4D4005C579F /* SanityCheck.h */; };
		4C48663F16B939B0008C9163 /* Callback.h in Headers */ = {isa = PBXBuildFile; fileRef = 4C7FFA0D15F3B55800F1E25C /* Callback.h */; settings = {ATTRIBUTES = (); }; };
		4C48664016B939B0008C9163 /* SettingsPublicScope.h in Headers */ = {isa = PBXBuildFile; fileRef = 4C836FC215F52E04001535A4 /* SettingsPublicScope.h */; settings = {ATTRIBUTES = (Public, ); }; };
		4C48664116B939B0008C9163 /* ObjectTrackerCreator.h in Headers */ = {isa = PBXBuildFile; fileRef = 4C836FC815F531B7001535A4 /* ObjectTrackerCreator.h */; };
		4C48664216B939B0008C9163 /* SettingsProjectScope.h in Headers */ = {isa = PBXBuildFile; fileRef = 4C84096715F6B8A5009589C1 /* SettingsProjectScope.h */; };
		4C48664316B939B0008C9163 /* ObjectTrackerTypesPublic.h in Headers */ = {isa = PBXBuildFile; fileRef = 4CD77F1815F8B24A00BBC9D8 /* ObjectTrackerTypesPublic.h */; settings = {ATTRIBUTES = (Public, ); }; };
		4C48664416B939B0008C9163 /* ObjectTrackerTypesProject.h in Headers */ = {isa = PBXBuildFile; fileRef = 4CD77F1C15F8B26A00BBC9D8 /* ObjectTrackerTypesProject.h */; };
		4C48664516B939B0008C9163 /* ModuleTypes.h in Headers */ = {isa = PBXBuildFile; fileRef = 4CD77F1F15F8B73000BBC9D8 /* ModuleTypes.h */; };
		4C48664616B939B0008C9163 /* ObjectTrackerDebugInfo.h in Headers */ = {isa = PBXBuildFile; fileRef = 4CD77F2315F8B8A700BBC9D8 /* ObjectTrackerDebugInfo.h */; settings = {ATTRIBUTES = (Public, ); }; };
		4C48664716B939B0008C9163 /* Commons.h in Headers */ = {isa = PBXBuildFile; fileRef = 4CD77F2815F8CD3800BBC9D8 /* Commons.h */; };
		4C48664816B939B0008C9163 /* FilterAlgorithm.h in Headers */ = {isa = PBXBuildFile; fileRef = 4CD77F2C15F8D0F200BBC9D8 /* FilterAlgorithm.h */; };
		4C48664916B939B0008C9163 /* ColorConversion.h in Headers */ = {isa = PBXBuildFile; fileRef = 4CD77F3215F8D2FB00BBC9D8 /* ColorConversion.h */; };
		4C48664A16B939B0008C9163 /* Neon.h in Headers */ = {isa = PBXBuildFile; fileRef = 4CD77F3715F8D40E00BBC9D8 /* Neon.h */; };
		4C48664B16B939B0008C9163 /* PointOperations.h in Headers */ = {isa = PBXBuildFile; fileRef = 4CD77F3B15F8D9FB00BBC9D8 /* PointOperations.h */; };
		4C48664C16B939B0008C9163 /* TransformationBuilder.h in Headers */ = {isa = PBXBuildFile; fileRef = 4CCA4A45161EC61E005B92D9 /* TransformationBuilder.h */; settings = {ATTRIBUTES = (); }; };
		4C48664D16B939B0008C9163 /* CameraParams.h in Headers */ = {isa = PBXBuildFile; fileRef = 4CCA4A4C161ECDDD005B92D9 /* CameraParams.h */; };
		4C48665216B93AD8008C9163 /* opencv2.framework in Frameworks */ = {isa = PBXBuildFile; fileRef = 4C7C999116A00CC80051BC50 /* opencv2.framework */; };
		4C4E0D8C15DE368E002BE9A4 /* ObjectTracker.cpp in Sources */ = {isa = PBXBuildFile; fileRef = 4C4E0D8A15DE368E002BE9A4 /* ObjectTracker.cpp */; };
		4C4E0D8D15DE368E002BE9A4 /* ObjectTracker.cpp in Sources */ = {isa = PBXBuildFile; fileRef = 4C4E0D8A15DE368E002BE9A4 /* ObjectTracker.cpp */; };
		4C4E0D8E15DE368E002BE9A4 /* ObjectTracker.h in Headers */ = {isa = PBXBuildFile; fileRef = 4C4E0D8B15DE368E002BE9A4 /* ObjectTracker.h */; settings = {ATTRIBUTES = (Public, ); }; };
		4C4E0D8F15DE368E002BE9A4 /* ObjectTracker.h in Headers */ = {isa = PBXBuildFile; fileRef = 4C4E0D8B15DE368E002BE9A4 /* ObjectTracker.h */; settings = {ATTRIBUTES = (Public, ); }; };
		4C4E0DE015DE3EC5002BE9A4 /* libdispatch.dylib in Frameworks */ = {isa = PBXBuildFile; fileRef = 4C4E0DDF15DE3EC5002BE9A4 /* libdispatch.dylib */; };
		4C506C3615E4FB8C0087865E /* DetectionModule.h in Headers */ = {isa = PBXBuildFile; fileRef = 4C506C3415E4FB8C0087865E /* DetectionModule.h */; };
		4C506C3715E4FB8C0087865E /* DetectionModule.h in Headers */ = {isa = PBXBuildFile; fileRef = 4C506C3415E4FB8C0087865E /* DetectionModule.h */; };
		4C506C3815E4FB8C0087865E /* ValidationModule.h in Headers */ = {isa = PBXBuildFile; fileRef = 4C506C3515E4FB8C0087865E /* ValidationModule.h */; };
		4C506C3915E4FB8C0087865E /* ValidationModule.h in Headers */ = {isa = PBXBuildFile; fileRef = 4C506C3515E4FB8C0087865E /* ValidationModule.h */; };
		4C506C3B15E4FBBB0087865E /* TrackingModule.h in Headers */ = {isa = PBXBuildFile; fileRef = 4C506C3A15E4FBBB0087865E /* TrackingModule.h */; };
		4C506C3C15E4FBBB0087865E /* TrackingModule.h in Headers */ = {isa = PBXBuildFile; fileRef = 4C506C3A15E4FBBB0087865E /* TrackingModule.h */; };
		4C506C3E15E4FC430087865E /* DetectionModule.cpp in Sources */ = {isa = PBXBuildFile; fileRef = 4C506C3D15E4FC430087865E /* DetectionModule.cpp */; };
		4C506C3F15E4FC430087865E /* DetectionModule.cpp in Sources */ = {isa = PBXBuildFile; fileRef = 4C506C3D15E4FC430087865E /* DetectionModule.cpp */; };
		4C506C4115E4FC5D0087865E /* TrackingModule.cpp in Sources */ = {isa = PBXBuildFile; fileRef = 4C506C4015E4FC5D0087865E /* TrackingModule.cpp */; };
		4C506C4215E4FC5D0087865E /* TrackingModule.cpp in Sources */ = {isa = PBXBuildFile; fileRef = 4C506C4015E4FC5D0087865E /* TrackingModule.cpp */; };
		4C506C4415E4FC6D0087865E /* ValidationModule.cpp in Sources */ = {isa = PBXBuildFile; fileRef = 4C506C4315E4FC6D0087865E /* ValidationModule.cpp */; };
		4C506C4515E4FC6D0087865E /* ValidationModule.cpp in Sources */ = {isa = PBXBuildFile; fileRef = 4C506C4315E4FC6D0087865E /* ValidationModule.cpp */; };
		4C506C8015E51DF00087865E /* Singleton.h in Headers */ = {isa = PBXBuildFile; fileRef = 4C506C7F15E51DF00087865E /* Singleton.h */; };
		4C506C8115E51DF00087865E /* Singleton.h in Headers */ = {isa = PBXBuildFile; fileRef = 4C506C7F15E51DF00087865E /* Singleton.h */; };
		4C506C8315E51E010087865E /* Profiler.h in Headers */ = {isa = PBXBuildFile; fileRef = 4C506C8215E51E010087865E /* Profiler.h */; };
		4C506C8415E51E010087865E /* Profiler.h in Headers */ = {isa = PBXBuildFile; fileRef = 4C506C8215E51E010087865E /* Profiler.h */; };
		4C506C8615E51E120087865E /* Profiler.cpp in Sources */ = {isa = PBXBuildFile; fileRef = 4C506C8515E51E120087865E /* Profiler.cpp */; };
		4C506C8715E51E120087865E /* Profiler.cpp in Sources */ = {isa = PBXBuildFile; fileRef = 4C506C8515E51E120087865E /* Profiler.cpp */; };
		4C7FFA0E15F3B55800F1E25C /* Callback.h in Headers */ = {isa = PBXBuildFile; fileRef = 4C7FFA0D15F3B55800F1E25C /* Callback.h */; settings = {ATTRIBUTES = (); }; };
		4C7FFA0F15F3B55800F1E25C /* Callback.h in Headers */ = {isa = PBXBuildFile; fileRef = 4C7FFA0D15F3B55800F1E25C /* Callback.h */; settings = {ATTRIBUTES = (); }; };
		4C836FC315F52E04001535A4 /* SettingsPublicScope.h in Headers */ = {isa = PBXBuildFile; fileRef = 4C836FC215F52E04001535A4 /* SettingsPublicScope.h */; settings = {ATTRIBUTES = (Public, ); }; };
		4C836FC415F52E04001535A4 /* SettingsPublicScope.h in Headers */ = {isa = PBXBuildFile; fileRef = 4C836FC215F52E04001535A4 /* SettingsPublicScope.h */; settings = {ATTRIBUTES = (Public, ); }; };
		4C836FC615F52E11001535A4 /* Settings.cpp in Sources */ = {isa = PBXBuildFile; fileRef = 4C836FC515F52E11001535A4 /* Settings.cpp */; };
		4C836FC715F52E11001535A4 /* Settings.cpp in Sources */ = {isa = PBXBuildFile; fileRef = 4C836FC515F52E11001535A4 /* Settings.cpp */; };
		4C836FC915F531B7001535A4 /* ObjectTrackerCreator.h in Headers */ = {isa = PBXBuildFile; fileRef = 4C836FC815F531B7001535A4 /* ObjectTrackerCreator.h */; };
		4C836FCA15F531B7001535A4 /* ObjectTrackerCreator.h in Headers */ = {isa = PBXBuildFile; fileRef = 4C836FC815F531B7001535A4 /* ObjectTrackerCreator.h */; };
		4C84096815F6B8A5009589C1 /* SettingsProjectScope.h in Headers */ = {isa = PBXBuildFile; fileRef = 4C84096715F6B8A5009589C1 /* SettingsProjectScope.h */; };
		4C84096915F6B8A5009589C1 /* SettingsProjectScope.h in Headers */ = {isa = PBXBuildFile; fileRef = 4C84096715F6B8A5009589C1 /* SettingsProjectScope.h */; };
		4CBB24A715E7D074005867C4 /* ObjectTrackerDebugger.h in Headers */ = {isa = PBXBuildFile; fileRef = 4CBB24A615E7D074005867C4 /* ObjectTrackerDebugger.h */; settings = {ATTRIBUTES = (Public, ); }; };
		4CBB24A815E7D074005867C4 /* ObjectTrackerDebugger.h in Headers */ = {isa = PBXBuildFile; fileRef = 4CBB24A615E7D074005867C4 /* ObjectTrackerDebugger.h */; settings = {ATTRIBUTES = (Public, ); }; };
		4CBB24AA15E7D092005867C4 /* ObjectTrackerDebugger.cpp in Sources */ = {isa = PBXBuildFile; fileRef = 4CBB24A915E7D092005867C4 /* ObjectTrackerDebugger.cpp */; };
		4CBB24AB15E7D092005867C4 /* ObjectTrackerDebugger.cpp in Sources */ = {isa = PBXBuildFile; fileRef = 4CBB24A915E7D092005867C4 /* ObjectTrackerDebugger.cpp */; };
		4CBB24B015E80914005867C4 /* AbstractModule.h in Headers */ = {isa = PBXBuildFile; fileRef = 4CBB24AF15E80914005867C4 /* AbstractModule.h */; };
		4CBB24B115E80914005867C4 /* AbstractModule.h in Headers */ = {isa = PBXBuildFile; fileRef = 4CBB24AF15E80914005867C4 /* AbstractModule.h */; };
		4CBB24B615E811E1005867C4 /* AbstractModule.cpp in Sources */ = {isa = PBXBuildFile; fileRef = 4CBB24B515E811E1005867C4 /* AbstractModule.cpp */; };
		4CBB24B715E811E1005867C4 /* AbstractModule.cpp in Sources */ = {isa = PBXBuildFile; fileRef = 4CBB24B515E811E1005867C4 /* AbstractModule.cpp */; };
		4CC655B615E8C3010035C072 /* ObjectTrackerImpl.h in Headers */ = {isa = PBXBuildFile; fileRef = 4CC655B515E8C3010035C072 /* ObjectTrackerImpl.h */; };
		4CC655B715E8C3010035C072 /* ObjectTrackerImpl.h in Headers */ = {isa = PBXBuildFile; fileRef = 4CC655B515E8C3010035C072 /* ObjectTrackerImpl.h */; };
		4CC655BA15E8C3DD0035C072 /* ObjectTrackerImpl.cpp in Sources */ = {isa = PBXBuildFile; fileRef = 4CC655B915E8C3DD0035C072 /* ObjectTrackerImpl.cpp */; };
		4CC655BB15E8C3DD0035C072 /* ObjectTrackerImpl.cpp in Sources */ = {isa = PBXBuildFile; fileRef = 4CC655B915E8C3DD0035C072 /* ObjectTrackerImpl.cpp */; };
		4CC655C315E9331D0035C072 /* ModuleManagement.h in Headers */ = {isa = PBXBuildFile; fileRef = 4CC655C215E9331D0035C072 /* ModuleManagement.h */; };
		4CC655C415E9331D0035C072 /* ModuleManagement.h in Headers */ = {isa = PBXBuildFile; fileRef = 4CC655C215E9331D0035C072 /* ModuleManagement.h */; };
		4CC655D215E9418E0035C072 /* EmptyModule.h in Headers */ = {isa = PBXBuildFile; fileRef = 4CC655D115E9418E0035C072 /* EmptyModule.h */; };
		4CC655D315E9418E0035C072 /* EmptyModule.h in Headers */ = {isa = PBXBuildFile; fileRef = 4CC655D115E9418E0035C072 /* EmptyModule.h */; };
		4CC655D515E9419E0035C072 /* EmptyModule.cpp in Sources */ = {isa = PBXBuildFile; fileRef = 4CC655D415E9419D0035C072 /* EmptyModule.cpp */; };
		4CC655D615E9419E0035C072 /* EmptyModule.cpp in Sources */ = {isa = PBXBuildFile; fileRef = 4CC655D415E9419D0035C072 /* EmptyModule.cpp */; };
		4CCA4A46161EC61E005B92D9 /* TransformationBuilder.cpp in Sources */ = {isa = PBXBuildFile; fileRef = 4CCA4A44161EC61E005B92D9 /* TransformationBuilder.cpp */; };
		4CCA4A47161EC61E005B92D9 /* TransformationBuilder.cpp in Sources */ = {isa = PBXBuildFile; fileRef = 4CCA4A44161EC61E005B92D9 /* TransformationBuilder.cpp */; };
		4CCA4A48161EC61E005B92D9 /* TransformationBuilder.h in Headers */ = {isa = PBXBuildFile; fileRef = 4CCA4A45161EC61E005B92D9 /* TransformationBuilder.h */; settings = {ATTRIBUTES = (); }; };
		4CCA4A49161EC61E005B92D9 /* TransformationBuilder.h in Headers */ = {isa = PBXBuildFile; fileRef = 4CCA4A45161EC61E005B92D9 /* TransformationBuilder.h */; settings = {ATTRIBUTES = (); }; };
		4CCA4A4D161ECDDD005B92D9 /* CameraParams.cpp in Sources */ = {isa = PBXBuildFile; fileRef = 4CCA4A4B161ECDDC005B92D9 /* CameraParams.cpp */; };
		4CCA4A4E161ECDDD005B92D9 /* CameraParams.cpp in Sources */ = {isa = PBXBuildFile; fileRef = 4CCA4A4B161ECDDC005B92D9 /* CameraParams.cpp */; };
		4CCA4A4F161ECDDD005B92D9 /* CameraParams.h in Headers */ = {isa = PBXBuildFile; fileRef = 4CCA4A4C161ECDDD005B92D9 /* CameraParams.h */; };
		4CCA4A50161ECDDD005B92D9 /* CameraParams.h in Headers */ = {isa = PBXBuildFile; fileRef = 4CCA4A4C161ECDDD005B92D9 /* CameraParams.h */; };
		4CCBADC415EBA344005C579F /* ModuleParams.h in Headers */ = {isa = PBXBuildFile; fileRef = 4CCBADC315EBA343005C579F /* ModuleParams.h */; };
		4CCBADC515EBA344005C579F /* ModuleParams.h in Headers */ = {isa = PBXBuildFile; fileRef = 4CCBADC315EBA343005C579F /* ModuleParams.h */; };
		4CCBADC715EBA6FE005C579F /* DescriptorMatcherFilterer.h in Headers */ = {isa = PBXBuildFile; fileRef = 4CCBADC615EBA6FE005C579F /* DescriptorMatcherFilterer.h */; };
		4CCBADC815EBA6FE005C579F /* DescriptorMatcherFilterer.h in Headers */ = {isa = PBXBuildFile; fileRef = 4CCBADC615EBA6FE005C579F /* DescriptorMatcherFilterer.h */; };
		4CCBADCA15EBA719005C579F /* DescriptorMatcherFilterer.cpp in Sources */ = {isa = PBXBuildFile; fileRef = 4CCBADC915EBA719005C579F /* DescriptorMatcherFilterer.cpp */; };
		4CCBADCB15EBA719005C579F /* DescriptorMatcherFilterer.cpp in Sources */ = {isa = PBXBuildFile; fileRef = 4CCBADC915EBA719005C579F /* DescriptorMatcherFilterer.cpp */; };
		4CCBADCD15EBD4D4005C579F /* SanityCheck.h in Headers */ = {isa = PBXBuildFile; fileRef = 4CCBADCC15EBD4D4005C579F /* SanityCheck.h */; };
		4CCBADCE15EBD4D4005C579F /* SanityCheck.h in Headers */ = {isa = PBXBuildFile; fileRef = 4CCBADCC15EBD4D4005C579F /* SanityCheck.h */; };
		4CCBADD015EBD4F0005C579F /* SanityCheck.cpp in Sources */ = {isa = PBXBuildFile; fileRef = 4CCBADCF15EBD4F0005C579F /* SanityCheck.cpp */; };
		4CCBADD115EBD4F0005C579F /* SanityCheck.cpp in Sources */ = {isa = PBXBuildFile; fileRef = 4CCBADCF15EBD4F0005C579F /* SanityCheck.cpp */; };
		4CD77F1915F8B24A00BBC9D8 /* ObjectTrackerTypesPublic.h in Headers */ = {isa = PBXBuildFile; fileRef = 4CD77F1815F8B24A00BBC9D8 /* ObjectTrackerTypesPublic.h */; settings = {ATTRIBUTES = (Public, ); }; };
		4CD77F1A15F8B24A00BBC9D8 /* ObjectTrackerTypesPublic.h in Headers */ = {isa = PBXBuildFile; fileRef = 4CD77F1815F8B24A00BBC9D8 /* ObjectTrackerTypesPublic.h */; settings = {ATTRIBUTES = (Public, ); }; };
		4CD77F1D15F8B26B00BBC9D8 /* ObjectTrackerTypesProject.h in Headers */ = {isa = PBXBuildFile; fileRef = 4CD77F1C15F8B26A00BBC9D8 /* ObjectTrackerTypesProject.h */; };
		4CD77F1E15F8B26B00BBC9D8 /* ObjectTrackerTypesProject.h in Headers */ = {isa = PBXBuildFile; fileRef = 4CD77F1C15F8B26A00BBC9D8 /* ObjectTrackerTypesProject.h */; };
		4CD77F2015F8B73000BBC9D8 /* ModuleTypes.h in Headers */ = {isa = PBXBuildFile; fileRef = 4CD77F1F15F8B73000BBC9D8 /* ModuleTypes.h */; };
		4CD77F2115F8B73000BBC9D8 /* ModuleTypes.h in Headers */ = {isa = PBXBuildFile; fileRef = 4CD77F1F15F8B73000BBC9D8 /* ModuleTypes.h */; };
		4CD77F2415F8B8A800BBC9D8 /* ObjectTrackerDebugInfo.cpp in Sources */ = {isa = PBXBuildFile; fileRef = 4CD77F2215F8B8A700BBC9D8 /* ObjectTrackerDebugInfo.cpp */; };
		4CD77F2515F8B8A800BBC9D8 /* ObjectTrackerDebugInfo.cpp in Sources */ = {isa = PBXBuildFile; fileRef = 4CD77F2215F8B8A700BBC9D8 /* ObjectTrackerDebugInfo.cpp */; };
		4CD77F2615F8B8A800BBC9D8 /* ObjectTrackerDebugInfo.h in Headers */ = {isa = PBXBuildFile; fileRef = 4CD77F2315F8B8A700BBC9D8 /* ObjectTrackerDebugInfo.h */; settings = {ATTRIBUTES = (Public, ); }; };
		4CD77F2715F8B8A800BBC9D8 /* ObjectTrackerDebugInfo.h in Headers */ = {isa = PBXBuildFile; fileRef = 4CD77F2315F8B8A700BBC9D8 /* ObjectTrackerDebugInfo.h */; settings = {ATTRIBUTES = (Public, ); }; };
		4CD77F2915F8CD3900BBC9D8 /* Commons.h in Headers */ = {isa = PBXBuildFile; fileRef = 4CD77F2815F8CD3800BBC9D8 /* Commons.h */; };
		4CD77F2A15F8CD3900BBC9D8 /* Commons.h in Headers */ = {isa = PBXBuildFile; fileRef = 4CD77F2815F8CD3800BBC9D8 /* Commons.h */; };
		4CD77F2D15F8D0F200BBC9D8 /* FilterAlgorithm.cpp in Sources */ = {isa = PBXBuildFile; fileRef = 4CD77F2B15F8D0F200BBC9D8 /* FilterAlgorithm.cpp */; };
		4CD77F2E15F8D0F200BBC9D8 /* FilterAlgorithm.cpp in Sources */ = {isa = PBXBuildFile; fileRef = 4CD77F2B15F8D0F200BBC9D8 /* FilterAlgorithm.cpp */; };
		4CD77F2F15F8D0F200BBC9D8 /* FilterAlgorithm.h in Headers */ = {isa = PBXBuildFile; fileRef = 4CD77F2C15F8D0F200BBC9D8 /* FilterAlgorithm.h */; };
		4CD77F3015F8D0F200BBC9D8 /* FilterAlgorithm.h in Headers */ = {isa = PBXBuildFile; fileRef = 4CD77F2C15F8D0F200BBC9D8 /* FilterAlgorithm.h */; };
		4CD77F3315F8D2FB00BBC9D8 /* ColorConversion.cpp in Sources */ = {isa = PBXBuildFile; fileRef = 4CD77F3115F8D2FB00BBC9D8 /* ColorConversion.cpp */; };
		4CD77F3415F8D2FB00BBC9D8 /* ColorConversion.cpp in Sources */ = {isa = PBXBuildFile; fileRef = 4CD77F3115F8D2FB00BBC9D8 /* ColorConversion.cpp */; };
		4CD77F3515F8D2FB00BBC9D8 /* ColorConversion.h in Headers */ = {isa = PBXBuildFile; fileRef = 4CD77F3215F8D2FB00BBC9D8 /* ColorConversion.h */; };
		4CD77F3615F8D2FB00BBC9D8 /* ColorConversion.h in Headers */ = {isa = PBXBuildFile; fileRef = 4CD77F3215F8D2FB00BBC9D8 /* ColorConversion.h */; };
		4CD77F3815F8D40E00BBC9D8 /* Neon.h in Headers */ = {isa = PBXBuildFile; fileRef = 4CD77F3715F8D40E00BBC9D8 /* Neon.h */; };
		4CD77F3915F8D40E00BBC9D8 /* Neon.h in Headers */ = {isa = PBXBuildFile; fileRef = 4CD77F3715F8D40E00BBC9D8 /* Neon.h */; };
		4CD77F3C15F8D9FB00BBC9D8 /* PointOperations.cpp in Sources */ = {isa = PBXBuildFile; fileRef = 4CD77F3A15F8D9FB00BBC9D8 /* PointOperations.cpp */; };
		4CD77F3D15F8D9FB00BBC9D8 /* PointOperations.cpp in Sources */ = {isa = PBXBuildFile; fileRef = 4CD77F3A15F8D9FB00BBC9D8 /* PointOperations.cpp */; };
		4CD77F3E15F8D9FB00BBC9D8 /* PointOperations.h in Headers */ = {isa = PBXBuildFile; fileRef = 4CD77F3B15F8D9FB00BBC9D8 /* PointOperations.h */; };
		4CD77F3F15F8D9FB00BBC9D8 /* PointOperations.h in Headers */ = {isa = PBXBuildFile; fileRef = 4CD77F3B15F8D9FB00BBC9D8 /* PointOperations.h */; };
/* End PBXBuildFile section */

/* Begin PBXFileReference section */
		4C48660E16B939A1008C9163 /* Foundation.framework */ = {isa = PBXFileReference; lastKnownFileType = wrapper.framework; name = Foundation.framework; path = System/Library/Frameworks/Foundation.framework; sourceTree = SDKROOT; };
		4C48665116B939B0008C9163 /* libCKObjectTrackerPhone243.a */ = {isa = PBXFileReference; explicitFileType = archive.ar; includeInIndex = 0; path = libCKObjectTrackerPhone243.a; sourceTree = BUILT_PRODUCTS_DIR; };
		4C4E0D7715DE352D002BE9A4 /* libCKObjectTrackerMac.a */ = {isa = PBXFileReference; explicitFileType = archive.ar; includeInIndex = 0; path = libCKObjectTrackerMac.a; sourceTree = BUILT_PRODUCTS_DIR; };
		4C4E0D7F15DE35E1002BE9A4 /* libCKObjectTrackerPhone.a */ = {isa = PBXFileReference; explicitFileType = archive.ar; includeInIndex = 0; path = libCKObjectTrackerPhone.a; sourceTree = BUILT_PRODUCTS_DIR; };
		4C4E0D8315DE35E1002BE9A4 /* CKObjectTracker-Prefix.pch */ = {isa = PBXFileReference; lastKnownFileType = sourcecode.c.h; path = "CKObjectTracker-Prefix.pch"; sourceTree = "<group>"; };
		4C4E0D8A15DE368E002BE9A4 /* ObjectTracker.cpp */ = {isa = PBXFileReference; fileEncoding = 4; lastKnownFileType = sourcecode.cpp.cpp; path = ObjectTracker.cpp; sourceTree = "<group>"; };
		4C4E0D8B15DE368E002BE9A4 /* ObjectTracker.h */ = {isa = PBXFileReference; fileEncoding = 4; lastKnownFileType = sourcecode.c.h; path = ObjectTracker.h; sourceTree = "<group>"; };
		4C4E0DDD15DE3E94002BE9A4 /* opencv2.framework */ = {isa = PBXFileReference; lastKnownFileType = wrapper.framework; name = opencv2.framework; path = ../opencv2.framework; sourceTree = "<group>"; };
		4C4E0DDF15DE3EC5002BE9A4 /* libdispatch.dylib */ = {isa = PBXFileReference; lastKnownFileType = "compiled.mach-o.dylib"; name = libdispatch.dylib; path = Platforms/MacOSX.platform/Developer/SDKs/MacOSX10.7.sdk/usr/lib/system/libdispatch.dylib; sourceTree = DEVELOPER_DIR; };
		4C506C3415E4FB8C0087865E /* DetectionModule.h */ = {isa = PBXFileReference; fileEncoding = 4; lastKnownFileType = sourcecode.c.h; path = DetectionModule.h; sourceTree = "<group>"; };
		4C506C3515E4FB8C0087865E /* ValidationModule.h */ = {isa = PBXFileReference; fileEncoding = 4; lastKnownFileType = sourcecode.c.h; path = ValidationModule.h; sourceTree = "<group>"; };
		4C506C3A15E4FBBB0087865E /* TrackingModule.h */ = {isa = PBXFileReference; fileEncoding = 4; lastKnownFileType = sourcecode.c.h; path = TrackingModule.h; sourceTree = "<group>"; };
		4C506C3D15E4FC430087865E /* DetectionModule.cpp */ = {isa = PBXFileReference; fileEncoding = 4; lastKnownFileType = sourcecode.cpp.cpp; path = DetectionModule.cpp; sourceTree = "<group>"; };
		4C506C4015E4FC5D0087865E /* TrackingModule.cpp */ = {isa = PBXFileReference; fileEncoding = 4; lastKnownFileType = sourcecode.cpp.cpp; path = TrackingModule.cpp; sourceTree = "<group>"; };
		4C506C4315E4FC6D0087865E /* ValidationModule.cpp */ = {isa = PBXFileReference; fileEncoding = 4; lastKnownFileType = sourcecode.cpp.cpp; path = ValidationModule.cpp; sourceTree = "<group>"; };
		4C506C7F15E51DF00087865E /* Singleton.h */ = {isa = PBXFileReference; fileEncoding = 4; lastKnownFileType = sourcecode.c.h; path = Singleton.h; sourceTree = "<group>"; };
		4C506C8215E51E010087865E /* Profiler.h */ = {isa = PBXFileReference; fileEncoding = 4; lastKnownFileType = sourcecode.c.h; path = Profiler.h; sourceTree = "<group>"; };
		4C506C8515E51E120087865E /* Profiler.cpp */ = {isa = PBXFileReference; fileEncoding = 4; lastKnownFileType = sourcecode.cpp.cpp; path = Profiler.cpp; sourceTree = "<group>"; };
		4C7C999116A00CC80051BC50 /* opencv2.framework */ = {isa = PBXFileReference; lastKnownFileType = wrapper.framework; path = opencv2.framework; sourceTree = "<group>"; };
		4C7FFA0D15F3B55800F1E25C /* Callback.h */ = {isa = PBXFileReference; fileEncoding = 4; lastKnownFileType = sourcecode.c.h; path = Callback.h; sourceTree = "<group>"; };
		4C836FC215F52E04001535A4 /* SettingsPublicScope.h */ = {isa = PBXFileReference; fileEncoding = 4; lastKnownFileType = sourcecode.c.h; path = SettingsPublicScope.h; sourceTree = "<group>"; };
		4C836FC515F52E11001535A4 /* Settings.cpp */ = {isa = PBXFileReference; fileEncoding = 4; lastKnownFileType = sourcecode.cpp.cpp; path = Settings.cpp; sourceTree = "<group>"; };
		4C836FC815F531B7001535A4 /* ObjectTrackerCreator.h */ = {isa = PBXFileReference; fileEncoding = 4; lastKnownFileType = sourcecode.c.h; path = ObjectTrackerCreator.h; sourceTree = "<group>"; };
		4C84096715F6B8A5009589C1 /* SettingsProjectScope.h */ = {isa = PBXFileReference; fileEncoding = 4; lastKnownFileType = sourcecode.c.h; path = SettingsProjectScope.h; sourceTree = "<group>"; };
		4CBB24A615E7D074005867C4 /* ObjectTrackerDebugger.h */ = {isa = PBXFileReference; fileEncoding = 4; lastKnownFileType = sourcecode.c.h; path = ObjectTrackerDebugger.h; sourceTree = "<group>"; };
		4CBB24A915E7D092005867C4 /* ObjectTrackerDebugger.cpp */ = {isa = PBXFileReference; fileEncoding = 4; lastKnownFileType = sourcecode.cpp.cpp; path = ObjectTrackerDebugger.cpp; sourceTree = "<group>"; };
		4CBB24AF15E80914005867C4 /* AbstractModule.h */ = {isa = PBXFileReference; fileEncoding = 4; lastKnownFileType = sourcecode.c.h; path = AbstractModule.h; sourceTree = "<group>"; };
		4CBB24B515E811E1005867C4 /* AbstractModule.cpp */ = {isa = PBXFileReference; fileEncoding = 4; lastKnownFileType = sourcecode.cpp.cpp; path = AbstractModule.cpp; sourceTree = "<group>"; };
		4CC655B515E8C3010035C072 /* ObjectTrackerImpl.h */ = {isa = PBXFileReference; fileEncoding = 4; lastKnownFileType = sourcecode.c.h; path = ObjectTrackerImpl.h; sourceTree = "<group>"; };
		4CC655B915E8C3DD0035C072 /* ObjectTrackerImpl.cpp */ = {isa = PBXFileReference; fileEncoding = 4; lastKnownFileType = sourcecode.cpp.cpp; path = ObjectTrackerImpl.cpp; sourceTree = "<group>"; };
		4CC655C215E9331D0035C072 /* ModuleManagement.h */ = {isa = PBXFileReference; fileEncoding = 4; lastKnownFileType = sourcecode.c.h; path = ModuleManagement.h; sourceTree = "<group>"; };
		4CC655D115E9418E0035C072 /* EmptyModule.h */ = {isa = PBXFileReference; fileEncoding = 4; lastKnownFileType = sourcecode.c.h; path = EmptyModule.h; sourceTree = "<group>"; };
		4CC655D415E9419D0035C072 /* EmptyModule.cpp */ = {isa = PBXFileReference; fileEncoding = 4; lastKnownFileType = sourcecode.cpp.cpp; path = EmptyModule.cpp; sourceTree = "<group>"; };
		4CCA4A44161EC61E005B92D9 /* TransformationBuilder.cpp */ = {isa = PBXFileReference; fileEncoding = 4; lastKnownFileType = sourcecode.cpp.cpp; path = TransformationBuilder.cpp; sourceTree = "<group>"; };
		4CCA4A45161EC61E005B92D9 /* TransformationBuilder.h */ = {isa = PBXFileReference; fileEncoding = 4; lastKnownFileType = sourcecode.c.h; path = TransformationBuilder.h; sourceTree = "<group>"; };
		4CCA4A4B161ECDDC005B92D9 /* CameraParams.cpp */ = {isa = PBXFileReference; fileEncoding = 4; lastKnownFileType = sourcecode.cpp.cpp; path = CameraParams.cpp; sourceTree = "<group>"; };
		4CCA4A4C161ECDDD005B92D9 /* CameraParams.h */ = {isa = PBXFileReference; fileEncoding = 4; lastKnownFileType = sourcecode.c.h; path = CameraParams.h; sourceTree = "<group>"; };
		4CCBADC315EBA343005C579F /* ModuleParams.h */ = {isa = PBXFileReference; fileEncoding = 4; lastKnownFileType = sourcecode.c.h; path = ModuleParams.h; sourceTree = "<group>"; };
		4CCBADC615EBA6FE005C579F /* DescriptorMatcherFilterer.h */ = {isa = PBXFileReference; fileEncoding = 4; lastKnownFileType = sourcecode.c.h; path = DescriptorMatcherFilterer.h; sourceTree = "<group>"; };
		4CCBADC915EBA719005C579F /* DescriptorMatcherFilterer.cpp */ = {isa = PBXFileReference; fileEncoding = 4; lastKnownFileType = sourcecode.cpp.cpp; path = DescriptorMatcherFilterer.cpp; sourceTree = "<group>"; };
		4CCBADCC15EBD4D4005C579F /* SanityCheck.h */ = {isa = PBXFileReference; fileEncoding = 4; lastKnownFileType = sourcecode.c.h; path = SanityCheck.h; sourceTree = "<group>"; };
		4CCBADCF15EBD4F0005C579F /* SanityCheck.cpp */ = {isa = PBXFileReference; fileEncoding = 4; lastKnownFileType = sourcecode.cpp.cpp; path = SanityCheck.cpp; sourceTree = "<group>"; };
		4CD77F1815F8B24A00BBC9D8 /* ObjectTrackerTypesPublic.h */ = {isa = PBXFileReference; fileEncoding = 4; lastKnownFileType = sourcecode.c.h; path = ObjectTrackerTypesPublic.h; sourceTree = "<group>"; };
		4CD77F1C15F8B26A00BBC9D8 /* ObjectTrackerTypesProject.h */ = {isa = PBXFileReference; fileEncoding = 4; lastKnownFileType = sourcecode.c.h; path = ObjectTrackerTypesProject.h; sourceTree = "<group>"; };
		4CD77F1F15F8B73000BBC9D8 /* ModuleTypes.h */ = {isa = PBXFileReference; fileEncoding = 4; lastKnownFileType = sourcecode.c.h; path = ModuleTypes.h; sourceTree = "<group>"; };
		4CD77F2215F8B8A700BBC9D8 /* ObjectTrackerDebugInfo.cpp */ = {isa = PBXFileReference; fileEncoding = 4; lastKnownFileType = sourcecode.cpp.cpp; path = ObjectTrackerDebugInfo.cpp; sourceTree = "<group>"; };
		4CD77F2315F8B8A700BBC9D8 /* ObjectTrackerDebugInfo.h */ = {isa = PBXFileReference; fileEncoding = 4; lastKnownFileType = sourcecode.c.h; path = ObjectTrackerDebugInfo.h; sourceTree = "<group>"; };
		4CD77F2815F8CD3800BBC9D8 /* Commons.h */ = {isa = PBXFileReference; fileEncoding = 4; lastKnownFileType = sourcecode.c.h; path = Commons.h; sourceTree = "<group>"; };
		4CD77F2B15F8D0F200BBC9D8 /* FilterAlgorithm.cpp */ = {isa = PBXFileReference; fileEncoding = 4; lastKnownFileType = sourcecode.cpp.cpp; path = FilterAlgorithm.cpp; sourceTree = "<group>"; };
		4CD77F2C15F8D0F200BBC9D8 /* FilterAlgorithm.h */ = {isa = PBXFileReference; fileEncoding = 4; lastKnownFileType = sourcecode.c.h; path = FilterAlgorithm.h; sourceTree = "<group>"; };
		4CD77F3115F8D2FB00BBC9D8 /* ColorConversion.cpp */ = {isa = PBXFileReference; fileEncoding = 4; lastKnownFileType = sourcecode.cpp.cpp; path = ColorConversion.cpp; sourceTree = "<group>"; };
		4CD77F3215F8D2FB00BBC9D8 /* ColorConversion.h */ = {isa = PBXFileReference; fileEncoding = 4; lastKnownFileType = sourcecode.c.h; path = ColorConversion.h; sourceTree = "<group>"; };
		4CD77F3715F8D40E00BBC9D8 /* Neon.h */ = {isa = PBXFileReference; fileEncoding = 4; lastKnownFileType = sourcecode.c.h; path = Neon.h; sourceTree = "<group>"; };
		4CD77F3A15F8D9FB00BBC9D8 /* PointOperations.cpp */ = {isa = PBXFileReference; fileEncoding = 4; lastKnownFileType = sourcecode.cpp.cpp; path = PointOperations.cpp; sourceTree = "<group>"; };
		4CD77F3B15F8D9FB00BBC9D8 /* PointOperations.h */ = {isa = PBXFileReference; fileEncoding = 4; lastKnownFileType = sourcecode.c.h; path = PointOperations.h; sourceTree = "<group>"; };
/* End PBXFileReference section */

/* Begin PBXFrameworksBuildPhase section */
		4C48662E16B939B0008C9163 /* Frameworks */ = {
			isa = PBXFrameworksBuildPhase;
			buildActionMask = 2147483647;
			files = (
				4C48665216B93AD8008C9163 /* opencv2.framework in Frameworks */,
			);
			runOnlyForDeploymentPostprocessing = 0;
		};
		4C4E0D7415DE352D002BE9A4 /* Frameworks */ = {
			isa = PBXFrameworksBuildPhase;
			buildActionMask = 2147483647;
			files = (
				4C4E0DE015DE3EC5002BE9A4 /* libdispatch.dylib in Frameworks */,
			);
			runOnlyForDeploymentPostprocessing = 0;
		};
		4C4E0D7C15DE35E1002BE9A4 /* Frameworks */ = {
			isa = PBXFrameworksBuildPhase;
			buildActionMask = 2147483647;
			files = (
				4C48660816B9393F008C9163 /* opencv2.framework in Frameworks */,
			);
			runOnlyForDeploymentPostprocessing = 0;
		};
/* End PBXFrameworksBuildPhase section */

/* Begin PBXGroup section */
		4C4E0D4915DE34DD002BE9A4 = {
			isa = PBXGroup;
			children = (
				4C4E0D8115DE35E1002BE9A4 /* CKObjectTracker */,
				4C4E0D5615DE34DD002BE9A4 /* Frameworks */,
				4C4E0D5515DE34DD002BE9A4 /* Products */,
			);
			sourceTree = "<group>";
		};
		4C4E0D5515DE34DD002BE9A4 /* Products */ = {
			isa = PBXGroup;
			children = (
				4C4E0D7715DE352D002BE9A4 /* libCKObjectTrackerMac.a */,
				4C4E0D7F15DE35E1002BE9A4 /* libCKObjectTrackerPhone.a */,
				4C48665116B939B0008C9163 /* libCKObjectTrackerPhone243.a */,
			);
			name = Products;
			sourceTree = "<group>";
		};
		4C4E0D5615DE34DD002BE9A4 /* Frameworks */ = {
			isa = PBXGroup;
			children = (
				4CD3A99B164A9F22004483D8 /* opencv2.4.3 */,
				4C4E0DDD15DE3E94002BE9A4 /* opencv2.framework */,
				4C4E0DDF15DE3EC5002BE9A4 /* libdispatch.dylib */,
				4C48660E16B939A1008C9163 /* Foundation.framework */,
			);
			name = Frameworks;
			sourceTree = "<group>";
		};
		4C4E0D8115DE35E1002BE9A4 /* CKObjectTracker */ = {
			isa = PBXGroup;
			children = (
				4C4E0D8B15DE368E002BE9A4 /* ObjectTracker.h */,
				4C4E0D8A15DE368E002BE9A4 /* ObjectTracker.cpp */,
				4CC655B515E8C3010035C072 /* ObjectTrackerImpl.h */,
				4CC655B915E8C3DD0035C072 /* ObjectTrackerImpl.cpp */,
				4C836FC815F531B7001535A4 /* ObjectTrackerCreator.h */,
				4CBB24A615E7D074005867C4 /* ObjectTrackerDebugger.h */,
				4CBB24A915E7D092005867C4 /* ObjectTrackerDebugger.cpp */,
				4CD77F2315F8B8A700BBC9D8 /* ObjectTrackerDebugInfo.h */,
				4CD77F2215F8B8A700BBC9D8 /* ObjectTrackerDebugInfo.cpp */,
				4CD77F1815F8B24A00BBC9D8 /* ObjectTrackerTypesPublic.h */,
				4CD77F1C15F8B26A00BBC9D8 /* ObjectTrackerTypesProject.h */,
				4CCA4A4C161ECDDD005B92D9 /* CameraParams.h */,
				4CCA4A4B161ECDDC005B92D9 /* CameraParams.cpp */,
				4C506C3315E4FB8C0087865E /* Modules */,
				4C506C3215E4FB8C0087865E /* Algorithms */,
				4C506C7B15E51BE20087865E /* Utils */,
				4C4E0D8215DE35E1002BE9A4 /* Supporting Files */,
			);
			path = CKObjectTracker;
			sourceTree = "<group>";
		};
		4C4E0D8215DE35E1002BE9A4 /* Supporting Files */ = {
			isa = PBXGroup;
			children = (
				4C4E0D8315DE35E1002BE9A4 /* CKObjectTracker-Prefix.pch */,
			);
			name = "Supporting Files";
			sourceTree = "<group>";
		};
		4C506C3215E4FB8C0087865E /* Algorithms */ = {
			isa = PBXGroup;
			children = (
				4CCBADCC15EBD4D4005C579F /* SanityCheck.h */,
				4CCBADCF15EBD4F0005C579F /* SanityCheck.cpp */,
				4CD77F3B15F8D9FB00BBC9D8 /* PointOperations.h */,
				4CD77F3A15F8D9FB00BBC9D8 /* PointOperations.cpp */,
				4CD77F3215F8D2FB00BBC9D8 /* ColorConversion.h */,
				4CD77F3115F8D2FB00BBC9D8 /* ColorConversion.cpp */,
				4CD77F2C15F8D0F200BBC9D8 /* FilterAlgorithm.h */,
				4CD77F2B15F8D0F200BBC9D8 /* FilterAlgorithm.cpp */,
				4CCBADC615EBA6FE005C579F /* DescriptorMatcherFilterer.h */,
				4CCBADC915EBA719005C579F /* DescriptorMatcherFilterer.cpp */,
				4CCA4A45161EC61E005B92D9 /* TransformationBuilder.h */,
				4CCA4A44161EC61E005B92D9 /* TransformationBuilder.cpp */,
			);
			path = Algorithms;
			sourceTree = "<group>";
		};
		4C506C3315E4FB8C0087865E /* Modules */ = {
			isa = PBXGroup;
			children = (
				4CD77F1F15F8B73000BBC9D8 /* ModuleTypes.h */,
				4CCBADC315EBA343005C579F /* ModuleParams.h */,
				4CC655C215E9331D0035C072 /* ModuleManagement.h */,
				4CBB24AF15E80914005867C4 /* AbstractModule.h */,
				4CBB24B515E811E1005867C4 /* AbstractModule.cpp */,
				4C506C3415E4FB8C0087865E /* DetectionModule.h */,
				4C506C3D15E4FC430087865E /* DetectionModule.cpp */,
				4C506C3515E4FB8C0087865E /* ValidationModule.h */,
				4C506C4315E4FC6D0087865E /* ValidationModule.cpp */,
				4C506C3A15E4FBBB0087865E /* TrackingModule.h */,
				4C506C4015E4FC5D0087865E /* TrackingModule.cpp */,
				4CC655D115E9418E0035C072 /* EmptyModule.h */,
				4CC655D415E9419D0035C072 /* EmptyModule.cpp */,
			);
			path = Modules;
			sourceTree = "<group>";
		};
		4C506C7B15E51BE20087865E /* Utils */ = {
			isa = PBXGroup;
			children = (
				4C836FC215F52E04001535A4 /* SettingsPublicScope.h */,
				4C84096715F6B8A5009589C1 /* SettingsProjectScope.h */,
				4C836FC515F52E11001535A4 /* Settings.cpp */,
				4C506C8215E51E010087865E /* Profiler.h */,
				4C506C8515E51E120087865E /* Profiler.cpp */,
				4CD77F2815F8CD3800BBC9D8 /* Commons.h */,
				4C506C7F15E51DF00087865E /* Singleton.h */,
				4C7FFA0D15F3B55800F1E25C /* Callback.h */,
				4CD77F3715F8D40E00BBC9D8 /* Neon.h */,
			);
			path = Utils;
			sourceTree = "<group>";
		};
		4CD3A99B164A9F22004483D8 /* opencv2.4.3 */ = {
			isa = PBXGroup;
			children = (
				4C7C999116A00CC80051BC50 /* opencv2.framework */,
			);
			name = opencv2.4.3;
			path = ../opencv2.4.3;
			sourceTree = "<group>";
		};
/* End PBXGroup section */

/* Begin PBXHeadersBuildPhase section */
		4C48663016B939B0008C9163 /* Headers */ = {
			isa = PBXHeadersBuildPhase;
			buildActionMask = 2147483647;
			files = (
				4C48663116B939B0008C9163 /* ObjectTracker.h in Headers */,
				4C48663216B939B0008C9163 /* DetectionModule.h in Headers */,
				4C48663316B939B0008C9163 /* ValidationModule.h in Headers */,
				4C48663416B939B0008C9163 /* TrackingModule.h in Headers */,
				4C48663516B939B0008C9163 /* Singleton.h in Headers */,
				4C48663616B939B0008C9163 /* Profiler.h in Headers */,
				4C48663716B939B0008C9163 /* ObjectTrackerDebugger.h in Headers */,
				4C48663816B939B0008C9163 /* AbstractModule.h in Headers */,
				4C48663916B939B0008C9163 /* ObjectTrackerImpl.h in Headers */,
				4C48663A16B939B0008C9163 /* ModuleManagement.h in Headers */,
				4C48663B16B939B0008C9163 /* EmptyModule.h in Headers */,
				4C48663C16B939B0008C9163 /* ModuleParams.h in Headers */,
				4C48663D16B939B0008C9163 /* DescriptorMatcherFilterer.h in Headers */,
				4C48663E16B939B0008C9163 /* SanityCheck.h in Headers */,
				4C48663F16B939B0008C9163 /* Callback.h in Headers */,
				4C48664016B939B0008C9163 /* SettingsPublicScope.h in Headers */,
				4C48664116B939B0008C9163 /* ObjectTrackerCreator.h in Headers */,
				4C48664216B939B0008C9163 /* SettingsProjectScope.h in Headers */,
				4C48664316B939B0008C9163 /* ObjectTrackerTypesPublic.h in Headers */,
				4C48664416B939B0008C9163 /* ObjectTrackerTypesProject.h in Headers */,
				4C48664516B939B0008C9163 /* ModuleTypes.h in Headers */,
				4C48664616B939B0008C9163 /* ObjectTrackerDebugInfo.h in Headers */,
				4C48664716B939B0008C9163 /* Commons.h in Headers */,
				4C48664816B939B0008C9163 /* FilterAlgorithm.h in Headers */,
				4C48664916B939B0008C9163 /* ColorConversion.h in Headers */,
				4C48664A16B939B0008C9163 /* Neon.h in Headers */,
				4C48664B16B939B0008C9163 /* PointOperations.h in Headers */,
				4C48664C16B939B0008C9163 /* TransformationBuilder.h in Headers */,
				4C48664D16B939B0008C9163 /* CameraParams.h in Headers */,
			);
			runOnlyForDeploymentPostprocessing = 0;
		};
		4C4E0D7515DE352D002BE9A4 /* Headers */ = {
			isa = PBXHeadersBuildPhase;
			buildActionMask = 2147483647;
			files = (
				4C4E0D8E15DE368E002BE9A4 /* ObjectTracker.h in Headers */,
				4CD77F2615F8B8A800BBC9D8 /* ObjectTrackerDebugInfo.h in Headers */,
				4C506C3615E4FB8C0087865E /* DetectionModule.h in Headers */,
				4CBB24A715E7D074005867C4 /* ObjectTrackerDebugger.h in Headers */,
				4CD77F1915F8B24A00BBC9D8 /* ObjectTrackerTypesPublic.h in Headers */,
				4C506C3815E4FB8C0087865E /* ValidationModule.h in Headers */,
				4C506C3B15E4FBBB0087865E /* TrackingModule.h in Headers */,
				4C506C8015E51DF00087865E /* Singleton.h in Headers */,
				4C506C8315E51E010087865E /* Profiler.h in Headers */,
				4CBB24B015E80914005867C4 /* AbstractModule.h in Headers */,
				4CC655B615E8C3010035C072 /* ObjectTrackerImpl.h in Headers */,
				4CC655C315E9331D0035C072 /* ModuleManagement.h in Headers */,
				4CC655D215E9418E0035C072 /* EmptyModule.h in Headers */,
				4CCBADC415EBA344005C579F /* ModuleParams.h in Headers */,
				4CCBADC715EBA6FE005C579F /* DescriptorMatcherFilterer.h in Headers */,
				4CCBADCD15EBD4D4005C579F /* SanityCheck.h in Headers */,
				4C7FFA0E15F3B55800F1E25C /* Callback.h in Headers */,
				4C836FC315F52E04001535A4 /* SettingsPublicScope.h in Headers */,
				4C836FC915F531B7001535A4 /* ObjectTrackerCreator.h in Headers */,
				4C84096815F6B8A5009589C1 /* SettingsProjectScope.h in Headers */,
				4CD77F1D15F8B26B00BBC9D8 /* ObjectTrackerTypesProject.h in Headers */,
				4CD77F2015F8B73000BBC9D8 /* ModuleTypes.h in Headers */,
				4CD77F2915F8CD3900BBC9D8 /* Commons.h in Headers */,
				4CD77F2F15F8D0F200BBC9D8 /* FilterAlgorithm.h in Headers */,
				4CD77F3515F8D2FB00BBC9D8 /* ColorConversion.h in Headers */,
				4CD77F3815F8D40E00BBC9D8 /* Neon.h in Headers */,
				4CD77F3E15F8D9FB00BBC9D8 /* PointOperations.h in Headers */,
				4CCA4A48161EC61E005B92D9 /* TransformationBuilder.h in Headers */,
				4CCA4A4F161ECDDD005B92D9 /* CameraParams.h in Headers */,
			);
			runOnlyForDeploymentPostprocessing = 0;
		};
		4C4E0D7D15DE35E1002BE9A4 /* Headers */ = {
			isa = PBXHeadersBuildPhase;
			buildActionMask = 2147483647;
			files = (
				4C4E0D8F15DE368E002BE9A4 /* ObjectTracker.h in Headers */,
				4C506C3715E4FB8C0087865E /* DetectionModule.h in Headers */,
				4C506C3915E4FB8C0087865E /* ValidationModule.h in Headers */,
				4C506C3C15E4FBBB0087865E /* TrackingModule.h in Headers */,
				4C506C8115E51DF00087865E /* Singleton.h in Headers */,
				4C506C8415E51E010087865E /* Profiler.h in Headers */,
				4CBB24A815E7D074005867C4 /* ObjectTrackerDebugger.h in Headers */,
				4CBB24B115E80914005867C4 /* AbstractModule.h in Headers */,
				4CC655B715E8C3010035C072 /* ObjectTrackerImpl.h in Headers */,
				4CC655C415E9331D0035C072 /* ModuleManagement.h in Headers */,
				4CC655D315E9418E0035C072 /* EmptyModule.h in Headers */,
				4CCBADC515EBA344005C579F /* ModuleParams.h in Headers */,
				4CCBADC815EBA6FE005C579F /* DescriptorMatcherFilterer.h in Headers */,
				4CCBADCE15EBD4D4005C579F /* SanityCheck.h in Headers */,
				4C7FFA0F15F3B55800F1E25C /* Callback.h in Headers */,
				4C836FC415F52E04001535A4 /* SettingsPublicScope.h in Headers */,
				4C836FCA15F531B7001535A4 /* ObjectTrackerCreator.h in Headers */,
				4C84096915F6B8A5009589C1 /* SettingsProjectScope.h in Headers */,
				4CD77F1A15F8B24A00BBC9D8 /* ObjectTrackerTypesPublic.h in Headers */,
				4CD77F1E15F8B26B00BBC9D8 /* ObjectTrackerTypesProject.h in Headers */,
				4CD77F2115F8B73000BBC9D8 /* ModuleTypes.h in Headers */,
				4CD77F2715F8B8A800BBC9D8 /* ObjectTrackerDebugInfo.h in Headers */,
				4CD77F2A15F8CD3900BBC9D8 /* Commons.h in Headers */,
				4CD77F3015F8D0F200BBC9D8 /* FilterAlgorithm.h in Headers */,
				4CD77F3615F8D2FB00BBC9D8 /* ColorConversion.h in Headers */,
				4CD77F3915F8D40E00BBC9D8 /* Neon.h in Headers */,
				4CD77F3F15F8D9FB00BBC9D8 /* PointOperations.h in Headers */,
				4CCA4A49161EC61E005B92D9 /* TransformationBuilder.h in Headers */,
				4CCA4A50161ECDDD005B92D9 /* CameraParams.h in Headers */,
			);
			runOnlyForDeploymentPostprocessing = 0;
		};
/* End PBXHeadersBuildPhase section */

/* Begin PBXNativeTarget section */
		4C48661A16B939B0008C9163 /* CKObjectTrackerPhone243 */ = {
			isa = PBXNativeTarget;
			buildConfigurationList = 4C48664E16B939B0008C9163 /* Build configuration list for PBXNativeTarget "CKObjectTrackerPhone243" */;
			buildPhases = (
				4C48661B16B939B0008C9163 /* Sources */,
				4C48662E16B939B0008C9163 /* Frameworks */,
				4C48663016B939B0008C9163 /* Headers */,
			);
			buildRules = (
			);
			dependencies = (
			);
			name = CKObjectTrackerPhone243;
			productName = CKObjectTracker;
			productReference = 4C48665116B939B0008C9163 /* libCKObjectTrackerPhone243.a */;
			productType = "com.apple.product-type.library.static";
		};
		4C4E0D7615DE352D002BE9A4 /* CKObjectTrackerMac */ = {
			isa = PBXNativeTarget;
			buildConfigurationList = 4C4E0D7815DE352D002BE9A4 /* Build configuration list for PBXNativeTarget "CKObjectTrackerMac" */;
			buildPhases = (
				4C4E0D7315DE352D002BE9A4 /* Sources */,
				4C4E0D7415DE352D002BE9A4 /* Frameworks */,
				4C4E0D7515DE352D002BE9A4 /* Headers */,
			);
			buildRules = (
			);
			dependencies = (
			);
			name = CKObjectTrackerMac;
			productName = CKObjectTrackerMac;
			productReference = 4C4E0D7715DE352D002BE9A4 /* libCKObjectTrackerMac.a */;
			productType = "com.apple.product-type.library.static";
		};
		4C4E0D7E15DE35E1002BE9A4 /* CKObjectTrackerPhone */ = {
			isa = PBXNativeTarget;
			buildConfigurationList = 4C4E0D8715DE35E1002BE9A4 /* Build configuration list for PBXNativeTarget "CKObjectTrackerPhone" */;
			buildPhases = (
				4C4E0D7B15DE35E1002BE9A4 /* Sources */,
				4C4E0D7C15DE35E1002BE9A4 /* Frameworks */,
				4C4E0D7D15DE35E1002BE9A4 /* Headers */,
			);
			buildRules = (
			);
			dependencies = (
			);
			name = CKObjectTrackerPhone;
			productName = CKObjectTracker;
			productReference = 4C4E0D7F15DE35E1002BE9A4 /* libCKObjectTrackerPhone.a */;
			productType = "com.apple.product-type.library.static";
		};
/* End PBXNativeTarget section */

/* Begin PBXProject section */
		4C4E0D4B15DE34DD002BE9A4 /* Project object */ = {
			isa = PBXProject;
			attributes = {
				LastUpgradeCheck = 0460;
				ORGANIZATIONNAME = "HTW Berlin";
			};
			buildConfigurationList = 4C4E0D4E15DE34DD002BE9A4 /* Build configuration list for PBXProject "CKObjectTrackerLib" */;
			compatibilityVersion = "Xcode 3.2";
			developmentRegion = English;
			hasScannedForEncodings = 0;
			knownRegions = (
				en,
			);
			mainGroup = 4C4E0D4915DE34DD002BE9A4;
			productRefGroup = 4C4E0D5515DE34DD002BE9A4 /* Products */;
			projectDirPath = "";
			projectRoot = "";
			targets = (
				4C4E0D7615DE352D002BE9A4 /* CKObjectTrackerMac */,
				4C4E0D7E15DE35E1002BE9A4 /* CKObjectTrackerPhone */,
				4C48661A16B939B0008C9163 /* CKObjectTrackerPhone243 */,
			);
		};
/* End PBXProject section */

/* Begin PBXSourcesBuildPhase section */
		4C48661B16B939B0008C9163 /* Sources */ = {
			isa = PBXSourcesBuildPhase;
			buildActionMask = 2147483647;
			files = (
				4C48661C16B939B0008C9163 /* ObjectTracker.cpp in Sources */,
				4C48661D16B939B0008C9163 /* DetectionModule.cpp in Sources */,
				4C48661E16B939B0008C9163 /* TrackingModule.cpp in Sources */,
				4C48661F16B939B0008C9163 /* ValidationModule.cpp in Sources */,
				4C48662016B939B0008C9163 /* Profiler.cpp in Sources */,
				4C48662116B939B0008C9163 /* ObjectTrackerDebugger.cpp in Sources */,
				4C48662216B939B0008C9163 /* AbstractModule.cpp in Sources */,
				4C48662316B939B0008C9163 /* ObjectTrackerImpl.cpp in Sources */,
				4C48662416B939B0008C9163 /* EmptyModule.cpp in Sources */,
				4C48662516B939B0008C9163 /* DescriptorMatcherFilterer.cpp in Sources */,
				4C48662616B939B0008C9163 /* SanityCheck.cpp in Sources */,
				4C48662716B939B0008C9163 /* Settings.cpp in Sources */,
				4C48662816B939B0008C9163 /* ObjectTrackerDebugInfo.cpp in Sources */,
				4C48662916B939B0008C9163 /* FilterAlgorithm.cpp in Sources */,
				4C48662A16B939B0008C9163 /* ColorConversion.cpp in Sources */,
				4C48662B16B939B0008C9163 /* PointOperations.cpp in Sources */,
				4C48662C16B939B0008C9163 /* TransformationBuilder.cpp in Sources */,
				4C48662D16B939B0008C9163 /* CameraParams.cpp in Sources */,
			);
			runOnlyForDeploymentPostprocessing = 0;
		};
		4C4E0D7315DE352D002BE9A4 /* Sources */ = {
			isa = PBXSourcesBuildPhase;
			buildActionMask = 2147483647;
			files = (
				4C4E0D8C15DE368E002BE9A4 /* ObjectTracker.cpp in Sources */,
				4C506C3E15E4FC430087865E /* DetectionModule.cpp in Sources */,
				4C506C4115E4FC5D0087865E /* TrackingModule.cpp in Sources */,
				4C506C4415E4FC6D0087865E /* ValidationModule.cpp in Sources */,
				4C506C8615E51E120087865E /* Profiler.cpp in Sources */,
				4CBB24AA15E7D092005867C4 /* ObjectTrackerDebugger.cpp in Sources */,
				4CBB24B615E811E1005867C4 /* AbstractModule.cpp in Sources */,
				4CC655BA15E8C3DD0035C072 /* ObjectTrackerImpl.cpp in Sources */,
				4CC655D515E9419E0035C072 /* EmptyModule.cpp in Sources */,
				4CCBADCA15EBA719005C579F /* DescriptorMatcherFilterer.cpp in Sources */,
				4CCBADD015EBD4F0005C579F /* SanityCheck.cpp in Sources */,
				4C836FC615F52E11001535A4 /* Settings.cpp in Sources */,
				4CD77F2415F8B8A800BBC9D8 /* ObjectTrackerDebugInfo.cpp in Sources */,
				4CD77F2D15F8D0F200BBC9D8 /* FilterAlgorithm.cpp in Sources */,
				4CD77F3315F8D2FB00BBC9D8 /* ColorConversion.cpp in Sources */,
				4CD77F3C15F8D9FB00BBC9D8 /* PointOperations.cpp in Sources */,
				4CCA4A46161EC61E005B92D9 /* TransformationBuilder.cpp in Sources */,
				4CCA4A4D161ECDDD005B92D9 /* CameraParams.cpp in Sources */,
			);
			runOnlyForDeploymentPostprocessing = 0;
		};
		4C4E0D7B15DE35E1002BE9A4 /* Sources */ = {
			isa = PBXSourcesBuildPhase;
			buildActionMask = 2147483647;
			files = (
				4C4E0D8D15DE368E002BE9A4 /* ObjectTracker.cpp in Sources */,
				4C506C3F15E4FC430087865E /* DetectionModule.cpp in Sources */,
				4C506C4215E4FC5D0087865E /* TrackingModule.cpp in Sources */,
				4C506C4515E4FC6D0087865E /* ValidationModule.cpp in Sources */,
				4C506C8715E51E120087865E /* Profiler.cpp in Sources */,
				4CBB24AB15E7D092005867C4 /* ObjectTrackerDebugger.cpp in Sources */,
				4CBB24B715E811E1005867C4 /* AbstractModule.cpp in Sources */,
				4CC655BB15E8C3DD0035C072 /* ObjectTrackerImpl.cpp in Sources */,
				4CC655D615E9419E0035C072 /* EmptyModule.cpp in Sources */,
				4CCBADCB15EBA719005C579F /* DescriptorMatcherFilterer.cpp in Sources */,
				4CCBADD115EBD4F0005C579F /* SanityCheck.cpp in Sources */,
				4C836FC715F52E11001535A4 /* Settings.cpp in Sources */,
				4CD77F2515F8B8A800BBC9D8 /* ObjectTrackerDebugInfo.cpp in Sources */,
				4CD77F2E15F8D0F200BBC9D8 /* FilterAlgorithm.cpp in Sources */,
				4CD77F3415F8D2FB00BBC9D8 /* ColorConversion.cpp in Sources */,
				4CD77F3D15F8D9FB00BBC9D8 /* PointOperations.cpp in Sources */,
				4CCA4A47161EC61E005B92D9 /* TransformationBuilder.cpp in Sources */,
				4CCA4A4E161ECDDD005B92D9 /* CameraParams.cpp in Sources */,
			);
			runOnlyForDeploymentPostprocessing = 0;
		};
/* End PBXSourcesBuildPhase section */

/* Begin XCBuildConfiguration section */
		4C48664F16B939B0008C9163 /* Debug */ = {
			isa = XCBuildConfiguration;
			buildSettings = {
				CLANG_CXX_LANGUAGE_STANDARD = "compiler-default";
				CLANG_CXX_LIBRARY = "libc++";
				DSTROOT = /tmp/CKObjectTracker.dst;
				FRAMEWORK_SEARCH_PATHS = "\"$(SRCROOT)/../opencv2.4.3\"";
				GCC_PRECOMPILE_PREFIX_HEADER = YES;
				GCC_PREFIX_HEADER = "CKObjectTracker/CKObjectTracker-Prefix.pch";
				GCC_PREPROCESSOR_DEFINITIONS = (
					"OPENCV243=1",
					"DEBUG=1",
				);
				INSTALL_PATH = "$(BUILT_PRODUCTS_DIR)";
				OTHER_LDFLAGS = "";
				PRODUCT_NAME = "$(TARGET_NAME)";
				PUBLIC_HEADERS_FOLDER_PATH = "$(TARGET_NAME)";
				SKIP_INSTALL = YES;
			};
			name = Debug;
		};
		4C48665016B939B0008C9163 /* Release */ = {
			isa = XCBuildConfiguration;
			buildSettings = {
				CLANG_CXX_LANGUAGE_STANDARD = "compiler-default";
				CLANG_CXX_LIBRARY = "libc++";
				DSTROOT = /tmp/CKObjectTracker.dst;
				FRAMEWORK_SEARCH_PATHS = "\"$(SRCROOT)/../opencv2.4.3\"";
				GCC_PRECOMPILE_PREFIX_HEADER = YES;
				GCC_PREFIX_HEADER = "CKObjectTracker/CKObjectTracker-Prefix.pch";
				GCC_PREPROCESSOR_DEFINITIONS = "OPENCV243=1";
				INSTALL_PATH = "$(BUILT_PRODUCTS_DIR)";
				OTHER_LDFLAGS = "";
				PRODUCT_NAME = "$(TARGET_NAME)";
				PUBLIC_HEADERS_FOLDER_PATH = "$(TARGET_NAME)";
				SKIP_INSTALL = YES;
			};
			name = Release;
		};
		4C4E0D5F15DE34DD002BE9A4 /* Debug */ = {
			isa = XCBuildConfiguration;
			buildSettings = {
				ALWAYS_SEARCH_USER_PATHS = NO;
				ARCHS = "$(ARCHS_STANDARD_32_BIT)";
				CLANG_WARN_CONSTANT_CONVERSION = YES;
				CLANG_WARN_ENUM_CONVERSION = YES;
				CLANG_WARN_INT_CONVERSION = YES;
				CLANG_WARN__DUPLICATE_METHOD_MATCH = YES;
				COPY_PHASE_STRIP = NO;
				GCC_C_LANGUAGE_STANDARD = gnu99;
				GCC_DYNAMIC_NO_PIC = NO;
				GCC_OPTIMIZATION_LEVEL = 0;
				GCC_PREPROCESSOR_DEFINITIONS = (
					"DEBUG=1",
					"$(inherited)",
				);
				GCC_SYMBOLS_PRIVATE_EXTERN = NO;
				GCC_VERSION = com.apple.compilers.llvm.clang.1_0;
				GCC_WARN_ABOUT_RETURN_TYPE = YES;
				GCC_WARN_UNINITIALIZED_AUTOS = YES;
				GCC_WARN_UNUSED_VARIABLE = YES;
				IPHONEOS_DEPLOYMENT_TARGET = 5.1;
				SDKROOT = iphoneos;
			};
			name = Debug;
		};
		4C4E0D6015DE34DD002BE9A4 /* Release */ = {
			isa = XCBuildConfiguration;
			buildSettings = {
				ALWAYS_SEARCH_USER_PATHS = NO;
				ARCHS = "$(ARCHS_STANDARD_32_BIT)";
				CLANG_WARN_CONSTANT_CONVERSION = YES;
				CLANG_WARN_ENUM_CONVERSION = YES;
				CLANG_WARN_INT_CONVERSION = YES;
				CLANG_WARN__DUPLICATE_METHOD_MATCH = YES;
				COPY_PHASE_STRIP = YES;
				GCC_C_LANGUAGE_STANDARD = gnu99;
				GCC_VERSION = com.apple.compilers.llvm.clang.1_0;
				GCC_WARN_ABOUT_RETURN_TYPE = YES;
				GCC_WARN_UNINITIALIZED_AUTOS = YES;
				GCC_WARN_UNUSED_VARIABLE = YES;
				IPHONEOS_DEPLOYMENT_TARGET = 5.1;
				SDKROOT = iphoneos;
				VALIDATE_PRODUCT = YES;
			};
			name = Release;
		};
		4C4E0D7915DE352D002BE9A4 /* Debug */ = {
			isa = XCBuildConfiguration;
			buildSettings = {
				ARCHS = "$(ARCHS_STANDARD_64_BIT)";
				CLANG_CXX_LANGUAGE_STANDARD = "compiler-default";
				CLANG_CXX_LIBRARY = "compiler-default";
				COMBINE_HIDPI_IMAGES = YES;
				EXECUTABLE_PREFIX = lib;
				GCC_ENABLE_OBJC_EXCEPTIONS = YES;
				GCC_PRECOMPILE_PREFIX_HEADER = YES;
				GCC_PREFIX_HEADER = "CKObjectTracker/CKObjectTracker-Prefix.pch";
				GCC_WARN_64_TO_32_BIT_CONVERSION = YES;
				HEADER_SEARCH_PATHS = "/usr/local/include/**";
				INFOPLIST_OUTPUT_FORMAT = binary;
				INSTALL_PATH = "$(BUILT_PRODUCTS_DIR)";
				LIBRARY_SEARCH_PATHS = (
					"$(inherited)",
					"\"$(SDKROOT)/usr/lib/system\"",
				);
				MACOSX_DEPLOYMENT_TARGET = 10.7;
				ONLY_ACTIVE_ARCH = YES;
				PLIST_FILE_OUTPUT_FORMAT = binary;
				PRODUCT_NAME = "$(TARGET_NAME)";
				PUBLIC_HEADERS_FOLDER_PATH = "$(TARGET_NAME)";
				SDKROOT = macosx;
				SKIP_INSTALL = YES;
				STRINGS_FILE_OUTPUT_ENCODING = binary;
			};
			name = Debug;
		};
		4C4E0D7A15DE352D002BE9A4 /* Release */ = {
			isa = XCBuildConfiguration;
			buildSettings = {
				ARCHS = "$(ARCHS_STANDARD_64_BIT)";
				CLANG_CXX_LANGUAGE_STANDARD = "compiler-default";
				CLANG_CXX_LIBRARY = "compiler-default";
				COMBINE_HIDPI_IMAGES = YES;
				DEBUG_INFORMATION_FORMAT = "dwarf-with-dsym";
				EXECUTABLE_PREFIX = lib;
				GCC_ENABLE_OBJC_EXCEPTIONS = YES;
				GCC_PRECOMPILE_PREFIX_HEADER = YES;
				GCC_PREFIX_HEADER = "CKObjectTracker/CKObjectTracker-Prefix.pch";
				GCC_WARN_64_TO_32_BIT_CONVERSION = YES;
				HEADER_SEARCH_PATHS = "/usr/local/include/**";
				INFOPLIST_OUTPUT_FORMAT = binary;
				INSTALL_PATH = "$(BUILT_PRODUCTS_DIR)";
				LIBRARY_SEARCH_PATHS = (
					"$(inherited)",
					"\"$(SDKROOT)/usr/lib/system\"",
				);
				MACOSX_DEPLOYMENT_TARGET = 10.7;
				PLIST_FILE_OUTPUT_FORMAT = binary;
				PRODUCT_NAME = "$(TARGET_NAME)";
				PUBLIC_HEADERS_FOLDER_PATH = "$(TARGET_NAME)";
				SDKROOT = macosx;
				SKIP_INSTALL = YES;
				STRINGS_FILE_OUTPUT_ENCODING = binary;
			};
			name = Release;
		};
		4C4E0D8815DE35E1002BE9A4 /* Debug */ = {
			isa = XCBuildConfiguration;
			buildSettings = {
				CLANG_CXX_LANGUAGE_STANDARD = "compiler-default";
				CLANG_CXX_LIBRARY = "compiler-default";
				DSTROOT = /tmp/CKObjectTracker.dst;
				FRAMEWORK_SEARCH_PATHS = "\"$(SRCROOT)/..\"";
				GCC_PRECOMPILE_PREFIX_HEADER = YES;
				GCC_PREFIX_HEADER = "CKObjectTracker/CKObjectTracker-Prefix.pch";
				GCC_PREPROCESSOR_DEFINITIONS = (
					"OPENCV243=0",
					"DEBUG=1",
					"$(inherited)",
				);
				INSTALL_PATH = "$(BUILT_PRODUCTS_DIR)";
				OTHER_LDFLAGS = "";
				PRODUCT_NAME = "$(TARGET_NAME)";
				PUBLIC_HEADERS_FOLDER_PATH = "$(TARGET_NAME)";
				SKIP_INSTALL = YES;
			};
			name = Debug;
		};
		4C4E0D8915DE35E1002BE9A4 /* Release */ = {
			isa = XCBuildConfiguration;
			buildSettings = {
				CLANG_CXX_LANGUAGE_STANDARD = "compiler-default";
				CLANG_CXX_LIBRARY = "compiler-default";
				DSTROOT = /tmp/CKObjectTracker.dst;
				FRAMEWORK_SEARCH_PATHS = "\"$(SRCROOT)/..\"";
				GCC_PRECOMPILE_PREFIX_HEADER = YES;
				GCC_PREFIX_HEADER = "CKObjectTracker/CKObjectTracker-Prefix.pch";
				GCC_PREPROCESSOR_DEFINITIONS = "OPENCV243=0";
				INSTALL_PATH = "$(BUILT_PRODUCTS_DIR)";
				OTHER_LDFLAGS = "";
				PRODUCT_NAME = "$(TARGET_NAME)";
				PUBLIC_HEADERS_FOLDER_PATH = "$(TARGET_NAME)";
				SKIP_INSTALL = YES;
			};
			name = Release;
		};
/* End XCBuildConfiguration section */

/* Begin XCConfigurationList section */
		4C48664E16B939B0008C9163 /* Build configuration list for PBXNativeTarget "CKObjectTrackerPhone243" */ = {
			isa = XCConfigurationList;
			buildConfigurations = (
				4C48664F16B939B0008C9163 /* Debug */,
				4C48665016B939B0008C9163 /* Release */,
			);
			defaultConfigurationIsVisible = 0;
			defaultConfigurationName = Release;
		};
		4C4E0D4E15DE34DD002BE9A4 /* Build configuration list for PBXProject "CKObjectTrackerLib" */ = {
			isa = XCConfigurationList;
			buildConfigurations = (
				4C4E0D5F15DE34DD002BE9A4 /* Debug */,
				4C4E0D6015DE34DD002BE9A4 /* Release */,
			);
			defaultConfigurationIsVisible = 0;
			defaultConfigurationName = Release;
		};
		4C4E0D7815DE352D002BE9A4 /* Build configuration list for PBXNativeTarget "CKObjectTrackerMac" */ = {
			isa = XCConfigurationList;
			buildConfigurations = (
				4C4E0D7915DE352D002BE9A4 /* Debug */,
				4C4E0D7A15DE352D002BE9A4 /* Release */,
			);
			defaultConfigurationIsVisible = 0;
			defaultConfigurationName = Release;
		};
		4C4E0D8715DE35E1002BE9A4 /* Build configuration list for PBXNativeTarget "CKObjectTrackerPhone" */ = {
			isa = XCConfigurationList;
			buildConfigurations = (
				4C4E0D8815DE35E1002BE9A4 /* Debug */,
				4C4E0D8915DE35E1002BE9A4 /* Release */,
			);
			defaultConfigurationIsVisible = 0;
			defaultConfigurationName = Release;
		};
/* End XCConfigurationList section */
	};
	rootObject = 4C4E0D4B15DE34DD002BE9A4 /* Project object */;
}
